// !$*UTF8*$!
{
	archiveVersion = 1;
	classes = {
	};
	objectVersion = 56;
	objects = {

/* Begin PBXBuildFile section */
		9BBF8C802B2E0B69000EB8C9 /* AppDelegate.swift in Sources */ = {isa = PBXBuildFile; fileRef = 9BBF8C7F2B2E0B69000EB8C9 /* AppDelegate.swift */; };
		9BBF8C822B2E0B69000EB8C9 /* SceneDelegate.swift in Sources */ = {isa = PBXBuildFile; fileRef = 9BBF8C812B2E0B69000EB8C9 /* SceneDelegate.swift */; };
		9BBF8C842B2E0B69000EB8C9 /* ViewController.swift in Sources */ = {isa = PBXBuildFile; fileRef = 9BBF8C832B2E0B69000EB8C9 /* ViewController.swift */; };
		9BBF8C872B2E0B69000EB8C9 /* Main.storyboard in Resources */ = {isa = PBXBuildFile; fileRef = 9BBF8C852B2E0B69000EB8C9 /* Main.storyboard */; };
		9BBF8C892B2E0B6E000EB8C9 /* Assets.xcassets in Resources */ = {isa = PBXBuildFile; fileRef = 9BBF8C882B2E0B6E000EB8C9 /* Assets.xcassets */; };
		9BBF8C8C2B2E0B6E000EB8C9 /* LaunchScreen.storyboard in Resources */ = {isa = PBXBuildFile; fileRef = 9BBF8C8A2B2E0B6E000EB8C9 /* LaunchScreen.storyboard */; };
		9BBF8C972B2E0B6E000EB8C9 /* Shopping_Search_AppTests.swift in Sources */ = {isa = PBXBuildFile; fileRef = 9BBF8C962B2E0B6E000EB8C9 /* Shopping_Search_AppTests.swift */; };
		9BBF8CA12B2E0B6E000EB8C9 /* Shopping_Search_AppUITests.swift in Sources */ = {isa = PBXBuildFile; fileRef = 9BBF8CA02B2E0B6E000EB8C9 /* Shopping_Search_AppUITests.swift */; };
		9BBF8CA32B2E0B6E000EB8C9 /* Shopping_Search_AppUITestsLaunchTests.swift in Sources */ = {isa = PBXBuildFile; fileRef = 9BBF8CA22B2E0B6E000EB8C9 /* Shopping_Search_AppUITestsLaunchTests.swift */; };
		9BBF8CB32B2E114B000EB8C9 /* DataRequest.swift in Sources */ = {isa = PBXBuildFile; fileRef = 9BBF8CB22B2E114B000EB8C9 /* DataRequest.swift */; };
		9BBF8CB52B2E1160000EB8C9 /* HTTPMethod.swift in Sources */ = {isa = PBXBuildFile; fileRef = 9BBF8CB42B2E1160000EB8C9 /* HTTPMethod.swift */; };
		9BBF8CB72B2E1179000EB8C9 /* ErrorResponse.swift in Sources */ = {isa = PBXBuildFile; fileRef = 9BBF8CB62B2E1179000EB8C9 /* ErrorResponse.swift */; };
		9BBF8CB92B2E1199000EB8C9 /* NetworkServiceType.swift in Sources */ = {isa = PBXBuildFile; fileRef = 9BBF8CB82B2E1199000EB8C9 /* NetworkServiceType.swift */; };
		9BBF8CBB2B2E11B2000EB8C9 /* URLSessionProtocol.swift in Sources */ = {isa = PBXBuildFile; fileRef = 9BBF8CBA2B2E11B2000EB8C9 /* URLSessionProtocol.swift */; };
/* End PBXBuildFile section */

/* Begin PBXContainerItemProxy section */
		9BBF8C932B2E0B6E000EB8C9 /* PBXContainerItemProxy */ = {
			isa = PBXContainerItemProxy;
			containerPortal = 9BBF8C742B2E0B69000EB8C9 /* Project object */;
			proxyType = 1;
			remoteGlobalIDString = 9BBF8C7B2B2E0B69000EB8C9;
			remoteInfo = "Shopping Search App";
		};
		9BBF8C9D2B2E0B6E000EB8C9 /* PBXContainerItemProxy */ = {
			isa = PBXContainerItemProxy;
			containerPortal = 9BBF8C742B2E0B69000EB8C9 /* Project object */;
			proxyType = 1;
			remoteGlobalIDString = 9BBF8C7B2B2E0B69000EB8C9;
			remoteInfo = "Shopping Search App";
		};
/* End PBXContainerItemProxy section */

/* Begin PBXFileReference section */
		9BBF8C7C2B2E0B69000EB8C9 /* Shopping Search App.app */ = {isa = PBXFileReference; explicitFileType = wrapper.application; includeInIndex = 0; path = "Shopping Search App.app"; sourceTree = BUILT_PRODUCTS_DIR; };
		9BBF8C7F2B2E0B69000EB8C9 /* AppDelegate.swift */ = {isa = PBXFileReference; lastKnownFileType = sourcecode.swift; path = AppDelegate.swift; sourceTree = "<group>"; };
		9BBF8C812B2E0B69000EB8C9 /* SceneDelegate.swift */ = {isa = PBXFileReference; lastKnownFileType = sourcecode.swift; path = SceneDelegate.swift; sourceTree = "<group>"; };
		9BBF8C832B2E0B69000EB8C9 /* ViewController.swift */ = {isa = PBXFileReference; lastKnownFileType = sourcecode.swift; path = ViewController.swift; sourceTree = "<group>"; };
		9BBF8C862B2E0B69000EB8C9 /* Base */ = {isa = PBXFileReference; lastKnownFileType = file.storyboard; name = Base; path = Base.lproj/Main.storyboard; sourceTree = "<group>"; };
		9BBF8C882B2E0B6E000EB8C9 /* Assets.xcassets */ = {isa = PBXFileReference; lastKnownFileType = folder.assetcatalog; path = Assets.xcassets; sourceTree = "<group>"; };
		9BBF8C8B2B2E0B6E000EB8C9 /* Base */ = {isa = PBXFileReference; lastKnownFileType = file.storyboard; name = Base; path = Base.lproj/LaunchScreen.storyboard; sourceTree = "<group>"; };
		9BBF8C8D2B2E0B6E000EB8C9 /* Info.plist */ = {isa = PBXFileReference; lastKnownFileType = text.plist.xml; path = Info.plist; sourceTree = "<group>"; };
		9BBF8C922B2E0B6E000EB8C9 /* Shopping Search AppTests.xctest */ = {isa = PBXFileReference; explicitFileType = wrapper.cfbundle; includeInIndex = 0; path = "Shopping Search AppTests.xctest"; sourceTree = BUILT_PRODUCTS_DIR; };
		9BBF8C962B2E0B6E000EB8C9 /* Shopping_Search_AppTests.swift */ = {isa = PBXFileReference; lastKnownFileType = sourcecode.swift; path = Shopping_Search_AppTests.swift; sourceTree = "<group>"; };
		9BBF8C9C2B2E0B6E000EB8C9 /* Shopping Search AppUITests.xctest */ = {isa = PBXFileReference; explicitFileType = wrapper.cfbundle; includeInIndex = 0; path = "Shopping Search AppUITests.xctest"; sourceTree = BUILT_PRODUCTS_DIR; };
		9BBF8CA02B2E0B6E000EB8C9 /* Shopping_Search_AppUITests.swift */ = {isa = PBXFileReference; lastKnownFileType = sourcecode.swift; path = Shopping_Search_AppUITests.swift; sourceTree = "<group>"; };
		9BBF8CA22B2E0B6E000EB8C9 /* Shopping_Search_AppUITestsLaunchTests.swift */ = {isa = PBXFileReference; lastKnownFileType = sourcecode.swift; path = Shopping_Search_AppUITestsLaunchTests.swift; sourceTree = "<group>"; };
		9BBF8CB22B2E114B000EB8C9 /* DataRequest.swift */ = {isa = PBXFileReference; lastKnownFileType = sourcecode.swift; path = DataRequest.swift; sourceTree = "<group>"; };
		9BBF8CB42B2E1160000EB8C9 /* HTTPMethod.swift */ = {isa = PBXFileReference; lastKnownFileType = sourcecode.swift; path = HTTPMethod.swift; sourceTree = "<group>"; };
		9BBF8CB62B2E1179000EB8C9 /* ErrorResponse.swift */ = {isa = PBXFileReference; lastKnownFileType = sourcecode.swift; path = ErrorResponse.swift; sourceTree = "<group>"; };
		9BBF8CB82B2E1199000EB8C9 /* NetworkServiceType.swift */ = {isa = PBXFileReference; lastKnownFileType = sourcecode.swift; path = NetworkServiceType.swift; sourceTree = "<group>"; };
		9BBF8CBA2B2E11B2000EB8C9 /* URLSessionProtocol.swift */ = {isa = PBXFileReference; lastKnownFileType = sourcecode.swift; path = URLSessionProtocol.swift; sourceTree = "<group>"; };
/* End PBXFileReference section */

/* Begin PBXFrameworksBuildPhase section */
		9BBF8C792B2E0B69000EB8C9 /* Frameworks */ = {
			isa = PBXFrameworksBuildPhase;
			buildActionMask = 2147483647;
			files = (
			);
			runOnlyForDeploymentPostprocessing = 0;
		};
		9BBF8C8F2B2E0B6E000EB8C9 /* Frameworks */ = {
			isa = PBXFrameworksBuildPhase;
			buildActionMask = 2147483647;
			files = (
			);
			runOnlyForDeploymentPostprocessing = 0;
		};
		9BBF8C992B2E0B6E000EB8C9 /* Frameworks */ = {
			isa = PBXFrameworksBuildPhase;
			buildActionMask = 2147483647;
			files = (
			);
			runOnlyForDeploymentPostprocessing = 0;
		};
/* End PBXFrameworksBuildPhase section */

/* Begin PBXGroup section */
		9BBF8C732B2E0B69000EB8C9 = {
			isa = PBXGroup;
			children = (
				9BBF8C7E2B2E0B69000EB8C9 /* Shopping Search App */,
				9BBF8C952B2E0B6E000EB8C9 /* Shopping Search AppTests */,
				9BBF8C9F2B2E0B6E000EB8C9 /* Shopping Search AppUITests */,
				9BBF8C7D2B2E0B69000EB8C9 /* Products */,
			);
			sourceTree = "<group>";
		};
		9BBF8C7D2B2E0B69000EB8C9 /* Products */ = {
			isa = PBXGroup;
			children = (
				9BBF8C7C2B2E0B69000EB8C9 /* Shopping Search App.app */,
				9BBF8C922B2E0B6E000EB8C9 /* Shopping Search AppTests.xctest */,
				9BBF8C9C2B2E0B6E000EB8C9 /* Shopping Search AppUITests.xctest */,
			);
			name = Products;
			sourceTree = "<group>";
		};
		9BBF8C7E2B2E0B69000EB8C9 /* Shopping Search App */ = {
			isa = PBXGroup;
			children = (
				9BBF8CAF2B2E10FC000EB8C9 /* Network */,
				9BBF8C7F2B2E0B69000EB8C9 /* AppDelegate.swift */,
				9BBF8C812B2E0B69000EB8C9 /* SceneDelegate.swift */,
				9BBF8C832B2E0B69000EB8C9 /* ViewController.swift */,
				9BBF8C852B2E0B69000EB8C9 /* Main.storyboard */,
				9BBF8C882B2E0B6E000EB8C9 /* Assets.xcassets */,
				9BBF8C8A2B2E0B6E000EB8C9 /* LaunchScreen.storyboard */,
				9BBF8C8D2B2E0B6E000EB8C9 /* Info.plist */,
			);
			path = "Shopping Search App";
			sourceTree = "<group>";
		};
		9BBF8C952B2E0B6E000EB8C9 /* Shopping Search AppTests */ = {
			isa = PBXGroup;
			children = (
				9BBF8C962B2E0B6E000EB8C9 /* Shopping_Search_AppTests.swift */,
			);
			path = "Shopping Search AppTests";
			sourceTree = "<group>";
		};
		9BBF8C9F2B2E0B6E000EB8C9 /* Shopping Search AppUITests */ = {
			isa = PBXGroup;
			children = (
				9BBF8CA02B2E0B6E000EB8C9 /* Shopping_Search_AppUITests.swift */,
				9BBF8CA22B2E0B6E000EB8C9 /* Shopping_Search_AppUITestsLaunchTests.swift */,
			);
			path = "Shopping Search AppUITests";
			sourceTree = "<group>";
		};
		9BBF8CAF2B2E10FC000EB8C9 /* Network */ = {
			isa = PBXGroup;
			children = (
				9BBF8CB12B2E111B000EB8C9 /* Protocols */,
				9BBF8CB02B2E110A000EB8C9 /* Enumerators */,
			);
			path = Network;
			sourceTree = "<group>";
		};
		9BBF8CB02B2E110A000EB8C9 /* Enumerators */ = {
			isa = PBXGroup;
			children = (
				9BBF8CB42B2E1160000EB8C9 /* HTTPMethod.swift */,
				9BBF8CB62B2E1179000EB8C9 /* ErrorResponse.swift */,
			);
			path = Enumerators;
			sourceTree = "<group>";
		};
		9BBF8CB12B2E111B000EB8C9 /* Protocols */ = {
			isa = PBXGroup;
			children = (
				9BBF8CB22B2E114B000EB8C9 /* DataRequest.swift */,
				9BBF8CB82B2E1199000EB8C9 /* NetworkServiceType.swift */,
				9BBF8CBA2B2E11B2000EB8C9 /* URLSessionProtocol.swift */,
			);
			path = Protocols;
			sourceTree = "<group>";
		};
/* End PBXGroup section */

/* Begin PBXNativeTarget section */
		9BBF8C7B2B2E0B69000EB8C9 /* Shopping Search App */ = {
			isa = PBXNativeTarget;
			buildConfigurationList = 9BBF8CA62B2E0B6E000EB8C9 /* Build configuration list for PBXNativeTarget "Shopping Search App" */;
			buildPhases = (
				9BBF8C782B2E0B69000EB8C9 /* Sources */,
				9BBF8C792B2E0B69000EB8C9 /* Frameworks */,
				9BBF8C7A2B2E0B69000EB8C9 /* Resources */,
			);
			buildRules = (
			);
			dependencies = (
			);
			name = "Shopping Search App";
			productName = "Shopping Search App";
			productReference = 9BBF8C7C2B2E0B69000EB8C9 /* Shopping Search App.app */;
			productType = "com.apple.product-type.application";
		};
		9BBF8C912B2E0B6E000EB8C9 /* Shopping Search AppTests */ = {
			isa = PBXNativeTarget;
			buildConfigurationList = 9BBF8CA92B2E0B6E000EB8C9 /* Build configuration list for PBXNativeTarget "Shopping Search AppTests" */;
			buildPhases = (
				9BBF8C8E2B2E0B6E000EB8C9 /* Sources */,
				9BBF8C8F2B2E0B6E000EB8C9 /* Frameworks */,
				9BBF8C902B2E0B6E000EB8C9 /* Resources */,
			);
			buildRules = (
			);
			dependencies = (
				9BBF8C942B2E0B6E000EB8C9 /* PBXTargetDependency */,
			);
			name = "Shopping Search AppTests";
			productName = "Shopping Search AppTests";
			productReference = 9BBF8C922B2E0B6E000EB8C9 /* Shopping Search AppTests.xctest */;
			productType = "com.apple.product-type.bundle.unit-test";
		};
		9BBF8C9B2B2E0B6E000EB8C9 /* Shopping Search AppUITests */ = {
			isa = PBXNativeTarget;
			buildConfigurationList = 9BBF8CAC2B2E0B6E000EB8C9 /* Build configuration list for PBXNativeTarget "Shopping Search AppUITests" */;
			buildPhases = (
				9BBF8C982B2E0B6E000EB8C9 /* Sources */,
				9BBF8C992B2E0B6E000EB8C9 /* Frameworks */,
				9BBF8C9A2B2E0B6E000EB8C9 /* Resources */,
			);
			buildRules = (
			);
			dependencies = (
				9BBF8C9E2B2E0B6E000EB8C9 /* PBXTargetDependency */,
			);
			name = "Shopping Search AppUITests";
			productName = "Shopping Search AppUITests";
			productReference = 9BBF8C9C2B2E0B6E000EB8C9 /* Shopping Search AppUITests.xctest */;
			productType = "com.apple.product-type.bundle.ui-testing";
		};
/* End PBXNativeTarget section */

/* Begin PBXProject section */
		9BBF8C742B2E0B69000EB8C9 /* Project object */ = {
			isa = PBXProject;
			attributes = {
				BuildIndependentTargetsInParallel = 1;
				LastSwiftUpdateCheck = 1510;
				LastUpgradeCheck = 1510;
				TargetAttributes = {
					9BBF8C7B2B2E0B69000EB8C9 = {
						CreatedOnToolsVersion = 15.1;
					};
					9BBF8C912B2E0B6E000EB8C9 = {
						CreatedOnToolsVersion = 15.1;
						TestTargetID = 9BBF8C7B2B2E0B69000EB8C9;
					};
					9BBF8C9B2B2E0B6E000EB8C9 = {
						CreatedOnToolsVersion = 15.1;
						TestTargetID = 9BBF8C7B2B2E0B69000EB8C9;
					};
				};
			};
			buildConfigurationList = 9BBF8C772B2E0B69000EB8C9 /* Build configuration list for PBXProject "Shopping Search App" */;
			compatibilityVersion = "Xcode 14.0";
			developmentRegion = en;
			hasScannedForEncodings = 0;
			knownRegions = (
				en,
				Base,
			);
			mainGroup = 9BBF8C732B2E0B69000EB8C9;
			productRefGroup = 9BBF8C7D2B2E0B69000EB8C9 /* Products */;
			projectDirPath = "";
			projectRoot = "";
			targets = (
				9BBF8C7B2B2E0B69000EB8C9 /* Shopping Search App */,
				9BBF8C912B2E0B6E000EB8C9 /* Shopping Search AppTests */,
				9BBF8C9B2B2E0B6E000EB8C9 /* Shopping Search AppUITests */,
			);
		};
/* End PBXProject section */

/* Begin PBXResourcesBuildPhase section */
		9BBF8C7A2B2E0B69000EB8C9 /* Resources */ = {
			isa = PBXResourcesBuildPhase;
			buildActionMask = 2147483647;
			files = (
				9BBF8C8C2B2E0B6E000EB8C9 /* LaunchScreen.storyboard in Resources */,
				9BBF8C892B2E0B6E000EB8C9 /* Assets.xcassets in Resources */,
				9BBF8C872B2E0B69000EB8C9 /* Main.storyboard in Resources */,
			);
			runOnlyForDeploymentPostprocessing = 0;
		};
		9BBF8C902B2E0B6E000EB8C9 /* Resources */ = {
			isa = PBXResourcesBuildPhase;
			buildActionMask = 2147483647;
			files = (
			);
			runOnlyForDeploymentPostprocessing = 0;
		};
		9BBF8C9A2B2E0B6E000EB8C9 /* Resources */ = {
			isa = PBXResourcesBuildPhase;
			buildActionMask = 2147483647;
			files = (
			);
			runOnlyForDeploymentPostprocessing = 0;
		};
/* End PBXResourcesBuildPhase section */

/* Begin PBXSourcesBuildPhase section */
		9BBF8C782B2E0B69000EB8C9 /* Sources */ = {
			isa = PBXSourcesBuildPhase;
			buildActionMask = 2147483647;
			files = (
				9BBF8C842B2E0B69000EB8C9 /* ViewController.swift in Sources */,
				9BBF8C802B2E0B69000EB8C9 /* AppDelegate.swift in Sources */,
				9BBF8C822B2E0B69000EB8C9 /* SceneDelegate.swift in Sources */,
				9BBF8CB92B2E1199000EB8C9 /* NetworkServiceType.swift in Sources */,
				9BBF8CBB2B2E11B2000EB8C9 /* URLSessionProtocol.swift in Sources */,
				9BBF8CB72B2E1179000EB8C9 /* ErrorResponse.swift in Sources */,
				9BBF8CB52B2E1160000EB8C9 /* HTTPMethod.swift in Sources */,
				9BBF8CB32B2E114B000EB8C9 /* DataRequest.swift in Sources */,
			);
			runOnlyForDeploymentPostprocessing = 0;
		};
		9BBF8C8E2B2E0B6E000EB8C9 /* Sources */ = {
			isa = PBXSourcesBuildPhase;
			buildActionMask = 2147483647;
			files = (
				9BBF8C972B2E0B6E000EB8C9 /* Shopping_Search_AppTests.swift in Sources */,
			);
			runOnlyForDeploymentPostprocessing = 0;
		};
		9BBF8C982B2E0B6E000EB8C9 /* Sources */ = {
			isa = PBXSourcesBuildPhase;
			buildActionMask = 2147483647;
			files = (
				9BBF8CA32B2E0B6E000EB8C9 /* Shopping_Search_AppUITestsLaunchTests.swift in Sources */,
				9BBF8CA12B2E0B6E000EB8C9 /* Shopping_Search_AppUITests.swift in Sources */,
			);
			runOnlyForDeploymentPostprocessing = 0;
		};
/* End PBXSourcesBuildPhase section */

/* Begin PBXTargetDependency section */
		9BBF8C942B2E0B6E000EB8C9 /* PBXTargetDependency */ = {
			isa = PBXTargetDependency;
			target = 9BBF8C7B2B2E0B69000EB8C9 /* Shopping Search App */;
			targetProxy = 9BBF8C932B2E0B6E000EB8C9 /* PBXContainerItemProxy */;
		};
		9BBF8C9E2B2E0B6E000EB8C9 /* PBXTargetDependency */ = {
			isa = PBXTargetDependency;
			target = 9BBF8C7B2B2E0B69000EB8C9 /* Shopping Search App */;
			targetProxy = 9BBF8C9D2B2E0B6E000EB8C9 /* PBXContainerItemProxy */;
		};
/* End PBXTargetDependency section */

/* Begin PBXVariantGroup section */
		9BBF8C852B2E0B69000EB8C9 /* Main.storyboard */ = {
			isa = PBXVariantGroup;
			children = (
				9BBF8C862B2E0B69000EB8C9 /* Base */,
			);
			name = Main.storyboard;
			sourceTree = "<group>";
		};
		9BBF8C8A2B2E0B6E000EB8C9 /* LaunchScreen.storyboard */ = {
			isa = PBXVariantGroup;
			children = (
				9BBF8C8B2B2E0B6E000EB8C9 /* Base */,
			);
			name = LaunchScreen.storyboard;
			sourceTree = "<group>";
		};
/* End PBXVariantGroup section */

/* Begin XCBuildConfiguration section */
		9BBF8CA42B2E0B6E000EB8C9 /* Debug */ = {
			isa = XCBuildConfiguration;
			buildSettings = {
				ALWAYS_SEARCH_USER_PATHS = NO;
				ASSETCATALOG_COMPILER_GENERATE_SWIFT_ASSET_SYMBOL_EXTENSIONS = YES;
				CLANG_ANALYZER_NONNULL = YES;
				CLANG_ANALYZER_NUMBER_OBJECT_CONVERSION = YES_AGGRESSIVE;
				CLANG_CXX_LANGUAGE_STANDARD = "gnu++20";
				CLANG_ENABLE_MODULES = YES;
				CLANG_ENABLE_OBJC_ARC = YES;
				CLANG_ENABLE_OBJC_WEAK = YES;
				CLANG_WARN_BLOCK_CAPTURE_AUTORELEASING = YES;
				CLANG_WARN_BOOL_CONVERSION = YES;
				CLANG_WARN_COMMA = YES;
				CLANG_WARN_CONSTANT_CONVERSION = YES;
				CLANG_WARN_DEPRECATED_OBJC_IMPLEMENTATIONS = YES;
				CLANG_WARN_DIRECT_OBJC_ISA_USAGE = YES_ERROR;
				CLANG_WARN_DOCUMENTATION_COMMENTS = YES;
				CLANG_WARN_EMPTY_BODY = YES;
				CLANG_WARN_ENUM_CONVERSION = YES;
				CLANG_WARN_INFINITE_RECURSION = YES;
				CLANG_WARN_INT_CONVERSION = YES;
				CLANG_WARN_NON_LITERAL_NULL_CONVERSION = YES;
				CLANG_WARN_OBJC_IMPLICIT_RETAIN_SELF = YES;
				CLANG_WARN_OBJC_LITERAL_CONVERSION = YES;
				CLANG_WARN_OBJC_ROOT_CLASS = YES_ERROR;
				CLANG_WARN_QUOTED_INCLUDE_IN_FRAMEWORK_HEADER = YES;
				CLANG_WARN_RANGE_LOOP_ANALYSIS = YES;
				CLANG_WARN_STRICT_PROTOTYPES = YES;
				CLANG_WARN_SUSPICIOUS_MOVE = YES;
				CLANG_WARN_UNGUARDED_AVAILABILITY = YES_AGGRESSIVE;
				CLANG_WARN_UNREACHABLE_CODE = YES;
				CLANG_WARN__DUPLICATE_METHOD_MATCH = YES;
				COPY_PHASE_STRIP = NO;
				DEBUG_INFORMATION_FORMAT = dwarf;
				ENABLE_STRICT_OBJC_MSGSEND = YES;
				ENABLE_TESTABILITY = YES;
				ENABLE_USER_SCRIPT_SANDBOXING = YES;
				GCC_C_LANGUAGE_STANDARD = gnu17;
				GCC_DYNAMIC_NO_PIC = NO;
				GCC_NO_COMMON_BLOCKS = YES;
				GCC_OPTIMIZATION_LEVEL = 0;
				GCC_PREPROCESSOR_DEFINITIONS = (
					"DEBUG=1",
					"$(inherited)",
				);
				GCC_WARN_64_TO_32_BIT_CONVERSION = YES;
				GCC_WARN_ABOUT_RETURN_TYPE = YES_ERROR;
				GCC_WARN_UNDECLARED_SELECTOR = YES;
				GCC_WARN_UNINITIALIZED_AUTOS = YES_AGGRESSIVE;
				GCC_WARN_UNUSED_FUNCTION = YES;
				GCC_WARN_UNUSED_VARIABLE = YES;
				IPHONEOS_DEPLOYMENT_TARGET = 15.0;
				LOCALIZATION_PREFERS_STRING_CATALOGS = YES;
				MTL_ENABLE_DEBUG_INFO = INCLUDE_SOURCE;
				MTL_FAST_MATH = YES;
				ONLY_ACTIVE_ARCH = YES;
				SDKROOT = iphoneos;
				SWIFT_ACTIVE_COMPILATION_CONDITIONS = "DEBUG $(inherited)";
				SWIFT_OPTIMIZATION_LEVEL = "-Onone";
			};
			name = Debug;
		};
		9BBF8CA52B2E0B6E000EB8C9 /* Release */ = {
			isa = XCBuildConfiguration;
			buildSettings = {
				ALWAYS_SEARCH_USER_PATHS = NO;
				ASSETCATALOG_COMPILER_GENERATE_SWIFT_ASSET_SYMBOL_EXTENSIONS = YES;
				CLANG_ANALYZER_NONNULL = YES;
				CLANG_ANALYZER_NUMBER_OBJECT_CONVERSION = YES_AGGRESSIVE;
				CLANG_CXX_LANGUAGE_STANDARD = "gnu++20";
				CLANG_ENABLE_MODULES = YES;
				CLANG_ENABLE_OBJC_ARC = YES;
				CLANG_ENABLE_OBJC_WEAK = YES;
				CLANG_WARN_BLOCK_CAPTURE_AUTORELEASING = YES;
				CLANG_WARN_BOOL_CONVERSION = YES;
				CLANG_WARN_COMMA = YES;
				CLANG_WARN_CONSTANT_CONVERSION = YES;
				CLANG_WARN_DEPRECATED_OBJC_IMPLEMENTATIONS = YES;
				CLANG_WARN_DIRECT_OBJC_ISA_USAGE = YES_ERROR;
				CLANG_WARN_DOCUMENTATION_COMMENTS = YES;
				CLANG_WARN_EMPTY_BODY = YES;
				CLANG_WARN_ENUM_CONVERSION = YES;
				CLANG_WARN_INFINITE_RECURSION = YES;
				CLANG_WARN_INT_CONVERSION = YES;
				CLANG_WARN_NON_LITERAL_NULL_CONVERSION = YES;
				CLANG_WARN_OBJC_IMPLICIT_RETAIN_SELF = YES;
				CLANG_WARN_OBJC_LITERAL_CONVERSION = YES;
				CLANG_WARN_OBJC_ROOT_CLASS = YES_ERROR;
				CLANG_WARN_QUOTED_INCLUDE_IN_FRAMEWORK_HEADER = YES;
				CLANG_WARN_RANGE_LOOP_ANALYSIS = YES;
				CLANG_WARN_STRICT_PROTOTYPES = YES;
				CLANG_WARN_SUSPICIOUS_MOVE = YES;
				CLANG_WARN_UNGUARDED_AVAILABILITY = YES_AGGRESSIVE;
				CLANG_WARN_UNREACHABLE_CODE = YES;
				CLANG_WARN__DUPLICATE_METHOD_MATCH = YES;
				COPY_PHASE_STRIP = NO;
				DEBUG_INFORMATION_FORMAT = "dwarf-with-dsym";
				ENABLE_NS_ASSERTIONS = NO;
				ENABLE_STRICT_OBJC_MSGSEND = YES;
				ENABLE_USER_SCRIPT_SANDBOXING = YES;
				GCC_C_LANGUAGE_STANDARD = gnu17;
				GCC_NO_COMMON_BLOCKS = YES;
				GCC_WARN_64_TO_32_BIT_CONVERSION = YES;
				GCC_WARN_ABOUT_RETURN_TYPE = YES_ERROR;
				GCC_WARN_UNDECLARED_SELECTOR = YES;
				GCC_WARN_UNINITIALIZED_AUTOS = YES_AGGRESSIVE;
				GCC_WARN_UNUSED_FUNCTION = YES;
				GCC_WARN_UNUSED_VARIABLE = YES;
				IPHONEOS_DEPLOYMENT_TARGET = 15.0;
				LOCALIZATION_PREFERS_STRING_CATALOGS = YES;
				MTL_ENABLE_DEBUG_INFO = NO;
				MTL_FAST_MATH = YES;
				SDKROOT = iphoneos;
				SWIFT_COMPILATION_MODE = wholemodule;
				VALIDATE_PRODUCT = YES;
			};
			name = Release;
		};
		9BBF8CA72B2E0B6E000EB8C9 /* Debug */ = {
			isa = XCBuildConfiguration;
			buildSettings = {
				ASSETCATALOG_COMPILER_APPICON_NAME = AppIcon;
				ASSETCATALOG_COMPILER_GLOBAL_ACCENT_COLOR_NAME = AccentColor;
				CODE_SIGN_STYLE = Automatic;
				CURRENT_PROJECT_VERSION = 1;
				DEVELOPMENT_TEAM = 25M2YHUYP7;
				GENERATE_INFOPLIST_FILE = YES;
				INFOPLIST_FILE = "Shopping Search App/Info.plist";
				INFOPLIST_KEY_UIApplicationSupportsIndirectInputEvents = YES;
				INFOPLIST_KEY_UILaunchStoryboardName = LaunchScreen;
				INFOPLIST_KEY_UIMainStoryboardFile = Main;
				INFOPLIST_KEY_UISupportedInterfaceOrientations_iPad = "UIInterfaceOrientationPortrait UIInterfaceOrientationPortraitUpsideDown UIInterfaceOrientationLandscapeLeft UIInterfaceOrientationLandscapeRight";
				INFOPLIST_KEY_UISupportedInterfaceOrientations_iPhone = "UIInterfaceOrientationPortrait UIInterfaceOrientationLandscapeLeft UIInterfaceOrientationLandscapeRight";
				LD_RUNPATH_SEARCH_PATHS = (
					"$(inherited)",
					"@executable_path/Frameworks",
				);
				MARKETING_VERSION = 1.0;
				PRODUCT_BUNDLE_IDENTIFIER = "br.com.gabrielhsp.Shopping-Search-App";
				PRODUCT_NAME = "$(TARGET_NAME)";
				SUPPORTED_PLATFORMS = "iphoneos iphonesimulator";
				SUPPORTS_MACCATALYST = NO;
				SUPPORTS_MAC_DESIGNED_FOR_IPHONE_IPAD = NO;
				SWIFT_EMIT_LOC_STRINGS = YES;
				SWIFT_VERSION = 5.0;
				TARGETED_DEVICE_FAMILY = 1;
			};
			name = Debug;
		};
		9BBF8CA82B2E0B6E000EB8C9 /* Release */ = {
			isa = XCBuildConfiguration;
			buildSettings = {
				ASSETCATALOG_COMPILER_APPICON_NAME = AppIcon;
				ASSETCATALOG_COMPILER_GLOBAL_ACCENT_COLOR_NAME = AccentColor;
				CODE_SIGN_STYLE = Automatic;
				CURRENT_PROJECT_VERSION = 1;
				DEVELOPMENT_TEAM = 25M2YHUYP7;
				GENERATE_INFOPLIST_FILE = YES;
				INFOPLIST_FILE = "Shopping Search App/Info.plist";
				INFOPLIST_KEY_UIApplicationSupportsIndirectInputEvents = YES;
				INFOPLIST_KEY_UILaunchStoryboardName = LaunchScreen;
				INFOPLIST_KEY_UIMainStoryboardFile = Main;
				INFOPLIST_KEY_UISupportedInterfaceOrientations_iPad = "UIInterfaceOrientationPortrait UIInterfaceOrientationPortraitUpsideDown UIInterfaceOrientationLandscapeLeft UIInterfaceOrientationLandscapeRight";
				INFOPLIST_KEY_UISupportedInterfaceOrientations_iPhone = "UIInterfaceOrientationPortrait UIInterfaceOrientationLandscapeLeft UIInterfaceOrientationLandscapeRight";
				LD_RUNPATH_SEARCH_PATHS = (
					"$(inherited)",
					"@executable_path/Frameworks",
				);
				MARKETING_VERSION = 1.0;
				PRODUCT_BUNDLE_IDENTIFIER = "br.com.gabrielhsp.Shopping-Search-App";
				PRODUCT_NAME = "$(TARGET_NAME)";
				SUPPORTED_PLATFORMS = "iphoneos iphonesimulator";
				SUPPORTS_MACCATALYST = NO;
				SUPPORTS_MAC_DESIGNED_FOR_IPHONE_IPAD = NO;
				SWIFT_EMIT_LOC_STRINGS = YES;
				SWIFT_VERSION = 5.0;
				TARGETED_DEVICE_FAMILY = 1;
			};
			name = Release;
		};
		9BBF8CAA2B2E0B6E000EB8C9 /* Debug */ = {
			isa = XCBuildConfiguration;
			buildSettings = {
				ALWAYS_EMBED_SWIFT_STANDARD_LIBRARIES = YES;
				BUNDLE_LOADER = "$(TEST_HOST)";
				CODE_SIGN_STYLE = Automatic;
				CURRENT_PROJECT_VERSION = 1;
				DEVELOPMENT_TEAM = 25M2YHUYP7;
				GENERATE_INFOPLIST_FILE = YES;
				IPHONEOS_DEPLOYMENT_TARGET = 15.0;
				MARKETING_VERSION = 1.0;
				PRODUCT_BUNDLE_IDENTIFIER = "br.com.gabrielhsp.Shopping-Search-AppTests";
				PRODUCT_NAME = "$(TARGET_NAME)";
				SUPPORTED_PLATFORMS = "iphoneos iphonesimulator";
				SUPPORTS_MACCATALYST = NO;
				SUPPORTS_MAC_DESIGNED_FOR_IPHONE_IPAD = NO;
				SWIFT_EMIT_LOC_STRINGS = NO;
				SWIFT_VERSION = 5.0;
				TARGETED_DEVICE_FAMILY = 1;
				TEST_HOST = "$(BUILT_PRODUCTS_DIR)/Shopping Search App.app/$(BUNDLE_EXECUTABLE_FOLDER_PATH)/Shopping Search App";
			};
			name = Debug;
		};
		9BBF8CAB2B2E0B6E000EB8C9 /* Release */ = {
			isa = XCBuildConfiguration;
			buildSettings = {
				ALWAYS_EMBED_SWIFT_STANDARD_LIBRARIES = YES;
				BUNDLE_LOADER = "$(TEST_HOST)";
				CODE_SIGN_STYLE = Automatic;
				CURRENT_PROJECT_VERSION = 1;
				DEVELOPMENT_TEAM = 25M2YHUYP7;
				GENERATE_INFOPLIST_FILE = YES;
				IPHONEOS_DEPLOYMENT_TARGET = 15.0;
				MARKETING_VERSION = 1.0;
				PRODUCT_BUNDLE_IDENTIFIER = "br.com.gabrielhsp.Shopping-Search-AppTests";
				PRODUCT_NAME = "$(TARGET_NAME)";
				SUPPORTED_PLATFORMS = "iphoneos iphonesimulator";
				SUPPORTS_MACCATALYST = NO;
				SUPPORTS_MAC_DESIGNED_FOR_IPHONE_IPAD = NO;
				SWIFT_EMIT_LOC_STRINGS = NO;
				SWIFT_VERSION = 5.0;
				TARGETED_DEVICE_FAMILY = 1;
				TEST_HOST = "$(BUILT_PRODUCTS_DIR)/Shopping Search App.app/$(BUNDLE_EXECUTABLE_FOLDER_PATH)/Shopping Search App";
			};
			name = Release;
		};
		9BBF8CAD2B2E0B6E000EB8C9 /* Debug */ = {
			isa = XCBuildConfiguration;
			buildSettings = {
				ALWAYS_EMBED_SWIFT_STANDARD_LIBRARIES = YES;
				CODE_SIGN_STYLE = Automatic;
				CURRENT_PROJECT_VERSION = 1;
				DEVELOPMENT_TEAM = 25M2YHUYP7;
				GENERATE_INFOPLIST_FILE = YES;
				MARKETING_VERSION = 1.0;
				PRODUCT_BUNDLE_IDENTIFIER = "br.com.gabrielhsp.Shopping-Search-AppUITests";
				PRODUCT_NAME = "$(TARGET_NAME)";
				SUPPORTED_PLATFORMS = "iphoneos iphonesimulator";
				SUPPORTS_MACCATALYST = NO;
				SUPPORTS_MAC_DESIGNED_FOR_IPHONE_IPAD = NO;
				SWIFT_EMIT_LOC_STRINGS = NO;
				SWIFT_VERSION = 5.0;
				TARGETED_DEVICE_FAMILY = 1;
				TEST_TARGET_NAME = "Shopping Search App";
			};
			name = Debug;
		};
		9BBF8CAE2B2E0B6E000EB8C9 /* Release */ = {
			isa = XCBuildConfiguration;
			buildSettings = {
				ALWAYS_EMBED_SWIFT_STANDARD_LIBRARIES = YES;
				CODE_SIGN_STYLE = Automatic;
				CURRENT_PROJECT_VERSION = 1;
				DEVELOPMENT_TEAM = 25M2YHUYP7;
				GENERATE_INFOPLIST_FILE = YES;
				MARKETING_VERSION = 1.0;
				PRODUCT_BUNDLE_IDENTIFIER = "br.com.gabrielhsp.Shopping-Search-AppUITests";
				PRODUCT_NAME = "$(TARGET_NAME)";
				SUPPORTED_PLATFORMS = "iphoneos iphonesimulator";
				SUPPORTS_MACCATALYST = NO;
				SUPPORTS_MAC_DESIGNED_FOR_IPHONE_IPAD = NO;
				SWIFT_EMIT_LOC_STRINGS = NO;
				SWIFT_VERSION = 5.0;
				TARGETED_DEVICE_FAMILY = 1;
				TEST_TARGET_NAME = "Shopping Search App";
			};
			name = Release;
		};
/* End XCBuildConfiguration section */

/* Begin XCConfigurationList section */
		9BBF8C772B2E0B69000EB8C9 /* Build configuration list for PBXProject "Shopping Search App" */ = {
			isa = XCConfigurationList;
			buildConfigurations = (
				9BBF8CA42B2E0B6E000EB8C9 /* Debug */,
				9BBF8CA52B2E0B6E000EB8C9 /* Release */,
			);
			defaultConfigurationIsVisible = 0;
			defaultConfigurationName = Release;
		};
		9BBF8CA62B2E0B6E000EB8C9 /* Build configuration list for PBXNativeTarget "Shopping Search App" */ = {
			isa = XCConfigurationList;
			buildConfigurations = (
				9BBF8CA72B2E0B6E000EB8C9 /* Debug */,
				9BBF8CA82B2E0B6E000EB8C9 /* Release */,
			);
			defaultConfigurationIsVisible = 0;
			defaultConfigurationName = Release;
		};
		9BBF8CA92B2E0B6E000EB8C9 /* Build configuration list for PBXNativeTarget "Shopping Search AppTests" */ = {
			isa = XCConfigurationList;
			buildConfigurations = (
				9BBF8CAA2B2E0B6E000EB8C9 /* Debug */,
				9BBF8CAB2B2E0B6E000EB8C9 /* Release */,
			);
			defaultConfigurationIsVisible = 0;
			defaultConfigurationName = Release;
		};
		9BBF8CAC2B2E0B6E000EB8C9 /* Build configuration list for PBXNativeTarget "Shopping Search AppUITests" */ = {
			isa = XCConfigurationList;
			buildConfigurations = (
				9BBF8CAD2B2E0B6E000EB8C9 /* Debug */,
				9BBF8CAE2B2E0B6E000EB8C9 /* Release */,
			);
			defaultConfigurationIsVisible = 0;
			defaultConfigurationName = Release;
		};
/* End XCConfigurationList section */
	};
	rootObject = 9BBF8C742B2E0B69000EB8C9 /* Project object */;
}
