// !$*UTF8*$!
{
	archiveVersion = 1;
	classes = {
	};
	objectVersion = 56;
	objects = {

/* Begin PBXBuildFile section */
		9B3A727A2B3080F7008A7581 /* DataRequestMock.swift in Sources */ = {isa = PBXBuildFile; fileRef = 9B3A72792B3080F7008A7581 /* DataRequestMock.swift */; };
		9B3A727D2B31209A008A7581 /* ResponseDummy.swift in Sources */ = {isa = PBXBuildFile; fileRef = 9B3A727C2B31209A008A7581 /* ResponseDummy.swift */; };
		9B3A72812B312B3E008A7581 /* ShoppingSearchViewController.swift in Sources */ = {isa = PBXBuildFile; fileRef = 9B3A72802B312B3E008A7581 /* ShoppingSearchViewController.swift */; };
		9B3A72842B312B95008A7581 /* ShoppingSearchProtocols.swift in Sources */ = {isa = PBXBuildFile; fileRef = 9B3A72832B312B95008A7581 /* ShoppingSearchProtocols.swift */; };
		9B3A72862B312BD4008A7581 /* ShoppingSearchView.swift in Sources */ = {isa = PBXBuildFile; fileRef = 9B3A72852B312BD4008A7581 /* ShoppingSearchView.swift */; };
		9B6080A42B2E7AF00074909E /* HTTPMethodTests.swift in Sources */ = {isa = PBXBuildFile; fileRef = 9B6080A32B2E7AF00074909E /* HTTPMethodTests.swift */; };
		9B6080A62B2E86330074909E /* NetworkServiceTests.swift in Sources */ = {isa = PBXBuildFile; fileRef = 9B6080A52B2E86330074909E /* NetworkServiceTests.swift */; };
		9B6080A92B2E867A0074909E /* URLSessionMock.swift in Sources */ = {isa = PBXBuildFile; fileRef = 9B6080A82B2E867A0074909E /* URLSessionMock.swift */; };
		9B6080AC2B2E880E0074909E /* URLSessionDataTaskMock.swift in Sources */ = {isa = PBXBuildFile; fileRef = 9B6080AB2B2E880E0074909E /* URLSessionDataTaskMock.swift */; };
		9B96F2242B33702300A358D3 /* ShoppingSearchButton.swift in Sources */ = {isa = PBXBuildFile; fileRef = 9B96F2232B33702300A358D3 /* ShoppingSearchButton.swift */; };
		9B96F22C2B33B0BF00A358D3 /* ShoppingSearchPresenterTests.swift in Sources */ = {isa = PBXBuildFile; fileRef = 9B96F22B2B33B0BE00A358D3 /* ShoppingSearchPresenterTests.swift */; };
		9B96F22F2B33B10400A358D3 /* ShoppingSearchRepositoryTests.swift in Sources */ = {isa = PBXBuildFile; fileRef = 9B96F22E2B33B10400A358D3 /* ShoppingSearchRepositoryTests.swift */; };
		9B96F2332B33B1D800A358D3 /* NetworkServiceMock.swift in Sources */ = {isa = PBXBuildFile; fileRef = 9B96F2322B33B1D800A358D3 /* NetworkServiceMock.swift */; };
		9B96F2352B33BE0400A358D3 /* ShoppingSearchRepositoryMock.swift in Sources */ = {isa = PBXBuildFile; fileRef = 9B96F2342B33BE0400A358D3 /* ShoppingSearchRepositoryMock.swift */; };
		9B96F2372B33BEF300A358D3 /* ShoppingSearchViewControllerSpy.swift in Sources */ = {isa = PBXBuildFile; fileRef = 9B96F2362B33BEF300A358D3 /* ShoppingSearchViewControllerSpy.swift */; };
		9B96F23A2B33C13300A358D3 /* ShoppingSearchModel+Stub.swift in Sources */ = {isa = PBXBuildFile; fileRef = 9B96F2392B33C13300A358D3 /* ShoppingSearchModel+Stub.swift */; };
		9B96F23C2B33C36600A358D3 /* ShoppingSearchProductModel+Stub.swift in Sources */ = {isa = PBXBuildFile; fileRef = 9B96F23B2B33C36600A358D3 /* ShoppingSearchProductModel+Stub.swift */; };
		9B96F23E2B33CD2200A358D3 /* ShoppingSearchViewControllerTests.swift in Sources */ = {isa = PBXBuildFile; fileRef = 9B96F23D2B33CD2200A358D3 /* ShoppingSearchViewControllerTests.swift */; };
		9B96F2402B33CE4700A358D3 /* ShoppingSearchPresenterSpy.swift in Sources */ = {isa = PBXBuildFile; fileRef = 9B96F23F2B33CE4700A358D3 /* ShoppingSearchPresenterSpy.swift */; };
		9B96F2422B33CF1A00A358D3 /* ShoppingSearchViewControllerDelegateSpy.swift in Sources */ = {isa = PBXBuildFile; fileRef = 9B96F2412B33CF1A00A358D3 /* ShoppingSearchViewControllerDelegateSpy.swift */; };
		9B96F2442B33CFD800A358D3 /* ShoppingSearchViewSpy.swift in Sources */ = {isa = PBXBuildFile; fileRef = 9B96F2432B33CFD800A358D3 /* ShoppingSearchViewSpy.swift */; };
		9B96F2462B33D49B00A358D3 /* DispatchQueueProtocol.swift in Sources */ = {isa = PBXBuildFile; fileRef = 9B96F2452B33D49A00A358D3 /* DispatchQueueProtocol.swift */; };
		9B96F2492B33D58100A358D3 /* DispatchQueueSpy.swift in Sources */ = {isa = PBXBuildFile; fileRef = 9B96F2482B33D58100A358D3 /* DispatchQueueSpy.swift */; };
		9B96F24D2B33DE3000A358D3 /* Nimble-Snapshots in Frameworks */ = {isa = PBXBuildFile; productRef = 9B96F24C2B33DE3000A358D3 /* Nimble-Snapshots */; };
		9B96F2502B33DE7B00A358D3 /* Quick in Frameworks */ = {isa = PBXBuildFile; productRef = 9B96F24F2B33DE7B00A358D3 /* Quick */; };
		9B96F2522B33DF6000A358D3 /* ShoppingSearchViewTests.swift in Sources */ = {isa = PBXBuildFile; fileRef = 9B96F2512B33DF6000A358D3 /* ShoppingSearchViewTests.swift */; };
		9BB96D422B31F3D600D193CD /* UIView+Extension.swift in Sources */ = {isa = PBXBuildFile; fileRef = 9BB96D412B31F3D600D193CD /* UIView+Extension.swift */; };
		9BB96D452B31F58B00D193CD /* ShoppingSearchTextField.swift in Sources */ = {isa = PBXBuildFile; fileRef = 9BB96D442B31F58B00D193CD /* ShoppingSearchTextField.swift */; };
		9BB96D472B31F93F00D193CD /* Colors.xcassets in Resources */ = {isa = PBXBuildFile; fileRef = 9BB96D462B31F93F00D193CD /* Colors.xcassets */; };
		9BB96D4A2B31FA1400D193CD /* Colors.swift in Sources */ = {isa = PBXBuildFile; fileRef = 9BB96D492B31FA1400D193CD /* Colors.swift */; };
		9BB96D4D2B3247BA00D193CD /* NotificationCenterProtocol.swift in Sources */ = {isa = PBXBuildFile; fileRef = 9BB96D4C2B3247BA00D193CD /* NotificationCenterProtocol.swift */; };
		9BB96D4F2B32792C00D193CD /* ShoppingSearchPresenter.swift in Sources */ = {isa = PBXBuildFile; fileRef = 9BB96D4E2B32792C00D193CD /* ShoppingSearchPresenter.swift */; };
		9BB96D532B327DD200D193CD /* ShoppingSearchRepository.swift in Sources */ = {isa = PBXBuildFile; fileRef = 9BB96D522B327DD200D193CD /* ShoppingSearchRepository.swift */; };
		9BB96D562B327EF900D193CD /* ShoppingSearchDataRequest.swift in Sources */ = {isa = PBXBuildFile; fileRef = 9BB96D552B327EF900D193CD /* ShoppingSearchDataRequest.swift */; };
		9BB96D592B327F5E00D193CD /* ShoppingSearchModel.swift in Sources */ = {isa = PBXBuildFile; fileRef = 9BB96D582B327F5E00D193CD /* ShoppingSearchModel.swift */; };
		9BBF8C802B2E0B69000EB8C9 /* AppDelegate.swift in Sources */ = {isa = PBXBuildFile; fileRef = 9BBF8C7F2B2E0B69000EB8C9 /* AppDelegate.swift */; };
		9BBF8C822B2E0B69000EB8C9 /* SceneDelegate.swift in Sources */ = {isa = PBXBuildFile; fileRef = 9BBF8C812B2E0B69000EB8C9 /* SceneDelegate.swift */; };
		9BBF8C892B2E0B6E000EB8C9 /* Assets.xcassets in Resources */ = {isa = PBXBuildFile; fileRef = 9BBF8C882B2E0B6E000EB8C9 /* Assets.xcassets */; };
		9BBF8C8C2B2E0B6E000EB8C9 /* LaunchScreen.storyboard in Resources */ = {isa = PBXBuildFile; fileRef = 9BBF8C8A2B2E0B6E000EB8C9 /* LaunchScreen.storyboard */; };
		9BBF8CB32B2E114B000EB8C9 /* DataRequest.swift in Sources */ = {isa = PBXBuildFile; fileRef = 9BBF8CB22B2E114B000EB8C9 /* DataRequest.swift */; };
		9BBF8CB52B2E1160000EB8C9 /* HTTPMethod.swift in Sources */ = {isa = PBXBuildFile; fileRef = 9BBF8CB42B2E1160000EB8C9 /* HTTPMethod.swift */; };
		9BBF8CB72B2E1179000EB8C9 /* ErrorResponse.swift in Sources */ = {isa = PBXBuildFile; fileRef = 9BBF8CB62B2E1179000EB8C9 /* ErrorResponse.swift */; };
		9BBF8CB92B2E1199000EB8C9 /* NetworkServiceType.swift in Sources */ = {isa = PBXBuildFile; fileRef = 9BBF8CB82B2E1199000EB8C9 /* NetworkServiceType.swift */; };
		9BBF8CBB2B2E11B2000EB8C9 /* URLSessionProtocol.swift in Sources */ = {isa = PBXBuildFile; fileRef = 9BBF8CBA2B2E11B2000EB8C9 /* URLSessionProtocol.swift */; };
		9BBF8CBD2B2E126A000EB8C9 /* NetworkService.swift in Sources */ = {isa = PBXBuildFile; fileRef = 9BBF8CBC2B2E126A000EB8C9 /* NetworkService.swift */; };
		9BBF8CC12B2E1E6E000EB8C9 /* ErrorResponseTests.swift in Sources */ = {isa = PBXBuildFile; fileRef = 9BBF8CC02B2E1E6E000EB8C9 /* ErrorResponseTests.swift */; };
		9BFF70CE2B3484E100F2D856 /* ShoppingSearchDataRequestTests.swift in Sources */ = {isa = PBXBuildFile; fileRef = 9BFF70CD2B3484E100F2D856 /* ShoppingSearchDataRequestTests.swift */; };
		9BFF70D32B348F8E00F2D856 /* ShoppingSearchProductsListViewController.swift in Sources */ = {isa = PBXBuildFile; fileRef = 9BFF70D22B348F8E00F2D856 /* ShoppingSearchProductsListViewController.swift */; };
		9BFF70D52B34900A00F2D856 /* ShoppingSearchProductsListProtocols.swift in Sources */ = {isa = PBXBuildFile; fileRef = 9BFF70D42B34900A00F2D856 /* ShoppingSearchProductsListProtocols.swift */; };
		9BFF70D92B34917B00F2D856 /* ShoppingSearchProductsListPresenter.swift in Sources */ = {isa = PBXBuildFile; fileRef = 9BFF70D82B34917B00F2D856 /* ShoppingSearchProductsListPresenter.swift */; };
		9BFF70DB2B3496B200F2D856 /* ShoppingSearchProductsListView.swift in Sources */ = {isa = PBXBuildFile; fileRef = 9BFF70DA2B3496B200F2D856 /* ShoppingSearchProductsListView.swift */; };
		9BFF70DE2B34986700F2D856 /* ShoppingSearchProductsListDataSource.swift in Sources */ = {isa = PBXBuildFile; fileRef = 9BFF70DD2B34986700F2D856 /* ShoppingSearchProductsListDataSource.swift */; };
		9BFF70E12B34AD4700F2D856 /* ShoppingSearchProductModel.swift in Sources */ = {isa = PBXBuildFile; fileRef = 9BFF70E02B34AD4700F2D856 /* ShoppingSearchProductModel.swift */; };
		9BFF70E32B34AD6500F2D856 /* ShoppingSearchProductListItem.swift in Sources */ = {isa = PBXBuildFile; fileRef = 9BFF70E22B34AD6500F2D856 /* ShoppingSearchProductListItem.swift */; };
/* End PBXBuildFile section */

/* Begin PBXContainerItemProxy section */
		9BBF8C932B2E0B6E000EB8C9 /* PBXContainerItemProxy */ = {
			isa = PBXContainerItemProxy;
			containerPortal = 9BBF8C742B2E0B69000EB8C9 /* Project object */;
			proxyType = 1;
			remoteGlobalIDString = 9BBF8C7B2B2E0B69000EB8C9;
			remoteInfo = "Shopping Search App";
		};
/* End PBXContainerItemProxy section */

/* Begin PBXFileReference section */
		9B3A72792B3080F7008A7581 /* DataRequestMock.swift */ = {isa = PBXFileReference; lastKnownFileType = sourcecode.swift; path = DataRequestMock.swift; sourceTree = "<group>"; };
		9B3A727C2B31209A008A7581 /* ResponseDummy.swift */ = {isa = PBXFileReference; lastKnownFileType = sourcecode.swift; path = ResponseDummy.swift; sourceTree = "<group>"; };
		9B3A72802B312B3E008A7581 /* ShoppingSearchViewController.swift */ = {isa = PBXFileReference; lastKnownFileType = sourcecode.swift; path = ShoppingSearchViewController.swift; sourceTree = "<group>"; };
		9B3A72832B312B95008A7581 /* ShoppingSearchProtocols.swift */ = {isa = PBXFileReference; lastKnownFileType = sourcecode.swift; path = ShoppingSearchProtocols.swift; sourceTree = "<group>"; };
		9B3A72852B312BD4008A7581 /* ShoppingSearchView.swift */ = {isa = PBXFileReference; lastKnownFileType = sourcecode.swift; path = ShoppingSearchView.swift; sourceTree = "<group>"; };
		9B6080A32B2E7AF00074909E /* HTTPMethodTests.swift */ = {isa = PBXFileReference; lastKnownFileType = sourcecode.swift; path = HTTPMethodTests.swift; sourceTree = "<group>"; };
		9B6080A52B2E86330074909E /* NetworkServiceTests.swift */ = {isa = PBXFileReference; lastKnownFileType = sourcecode.swift; path = NetworkServiceTests.swift; sourceTree = "<group>"; };
		9B6080A82B2E867A0074909E /* URLSessionMock.swift */ = {isa = PBXFileReference; lastKnownFileType = sourcecode.swift; path = URLSessionMock.swift; sourceTree = "<group>"; };
		9B6080AB2B2E880E0074909E /* URLSessionDataTaskMock.swift */ = {isa = PBXFileReference; lastKnownFileType = sourcecode.swift; path = URLSessionDataTaskMock.swift; sourceTree = "<group>"; };
		9B6080AD2B2E8EDE0074909E /* Shopping Search App.xctestplan */ = {isa = PBXFileReference; lastKnownFileType = text; path = "Shopping Search App.xctestplan"; sourceTree = "<group>"; };
		9B96F2232B33702300A358D3 /* ShoppingSearchButton.swift */ = {isa = PBXFileReference; lastKnownFileType = sourcecode.swift; path = ShoppingSearchButton.swift; sourceTree = "<group>"; };
		9B96F22B2B33B0BE00A358D3 /* ShoppingSearchPresenterTests.swift */ = {isa = PBXFileReference; lastKnownFileType = sourcecode.swift; path = ShoppingSearchPresenterTests.swift; sourceTree = "<group>"; };
		9B96F22E2B33B10400A358D3 /* ShoppingSearchRepositoryTests.swift */ = {isa = PBXFileReference; lastKnownFileType = sourcecode.swift; path = ShoppingSearchRepositoryTests.swift; sourceTree = "<group>"; };
		9B96F2322B33B1D800A358D3 /* NetworkServiceMock.swift */ = {isa = PBXFileReference; lastKnownFileType = sourcecode.swift; path = NetworkServiceMock.swift; sourceTree = "<group>"; };
		9B96F2342B33BE0400A358D3 /* ShoppingSearchRepositoryMock.swift */ = {isa = PBXFileReference; lastKnownFileType = sourcecode.swift; path = ShoppingSearchRepositoryMock.swift; sourceTree = "<group>"; };
		9B96F2362B33BEF300A358D3 /* ShoppingSearchViewControllerSpy.swift */ = {isa = PBXFileReference; lastKnownFileType = sourcecode.swift; path = ShoppingSearchViewControllerSpy.swift; sourceTree = "<group>"; };
		9B96F2392B33C13300A358D3 /* ShoppingSearchModel+Stub.swift */ = {isa = PBXFileReference; lastKnownFileType = sourcecode.swift; path = "ShoppingSearchModel+Stub.swift"; sourceTree = "<group>"; };
		9B96F23B2B33C36600A358D3 /* ShoppingSearchProductModel+Stub.swift */ = {isa = PBXFileReference; lastKnownFileType = sourcecode.swift; path = "ShoppingSearchProductModel+Stub.swift"; sourceTree = "<group>"; };
		9B96F23D2B33CD2200A358D3 /* ShoppingSearchViewControllerTests.swift */ = {isa = PBXFileReference; lastKnownFileType = sourcecode.swift; path = ShoppingSearchViewControllerTests.swift; sourceTree = "<group>"; };
		9B96F23F2B33CE4700A358D3 /* ShoppingSearchPresenterSpy.swift */ = {isa = PBXFileReference; lastKnownFileType = sourcecode.swift; path = ShoppingSearchPresenterSpy.swift; sourceTree = "<group>"; };
		9B96F2412B33CF1A00A358D3 /* ShoppingSearchViewControllerDelegateSpy.swift */ = {isa = PBXFileReference; lastKnownFileType = sourcecode.swift; path = ShoppingSearchViewControllerDelegateSpy.swift; sourceTree = "<group>"; };
		9B96F2432B33CFD800A358D3 /* ShoppingSearchViewSpy.swift */ = {isa = PBXFileReference; lastKnownFileType = sourcecode.swift; path = ShoppingSearchViewSpy.swift; sourceTree = "<group>"; };
		9B96F2452B33D49A00A358D3 /* DispatchQueueProtocol.swift */ = {isa = PBXFileReference; lastKnownFileType = sourcecode.swift; path = DispatchQueueProtocol.swift; sourceTree = "<group>"; };
		9B96F2482B33D58100A358D3 /* DispatchQueueSpy.swift */ = {isa = PBXFileReference; lastKnownFileType = sourcecode.swift; path = DispatchQueueSpy.swift; sourceTree = "<group>"; };
		9B96F2512B33DF6000A358D3 /* ShoppingSearchViewTests.swift */ = {isa = PBXFileReference; lastKnownFileType = sourcecode.swift; path = ShoppingSearchViewTests.swift; sourceTree = "<group>"; };
		9BB96D412B31F3D600D193CD /* UIView+Extension.swift */ = {isa = PBXFileReference; lastKnownFileType = sourcecode.swift; path = "UIView+Extension.swift"; sourceTree = "<group>"; };
		9BB96D442B31F58B00D193CD /* ShoppingSearchTextField.swift */ = {isa = PBXFileReference; lastKnownFileType = sourcecode.swift; path = ShoppingSearchTextField.swift; sourceTree = "<group>"; };
		9BB96D462B31F93F00D193CD /* Colors.xcassets */ = {isa = PBXFileReference; lastKnownFileType = folder.assetcatalog; path = Colors.xcassets; sourceTree = "<group>"; };
		9BB96D492B31FA1400D193CD /* Colors.swift */ = {isa = PBXFileReference; lastKnownFileType = sourcecode.swift; path = Colors.swift; sourceTree = "<group>"; };
		9BB96D4C2B3247BA00D193CD /* NotificationCenterProtocol.swift */ = {isa = PBXFileReference; lastKnownFileType = sourcecode.swift; path = NotificationCenterProtocol.swift; sourceTree = "<group>"; };
		9BB96D4E2B32792C00D193CD /* ShoppingSearchPresenter.swift */ = {isa = PBXFileReference; lastKnownFileType = sourcecode.swift; path = ShoppingSearchPresenter.swift; sourceTree = "<group>"; };
		9BB96D522B327DD200D193CD /* ShoppingSearchRepository.swift */ = {isa = PBXFileReference; lastKnownFileType = sourcecode.swift; path = ShoppingSearchRepository.swift; sourceTree = "<group>"; };
		9BB96D552B327EF900D193CD /* ShoppingSearchDataRequest.swift */ = {isa = PBXFileReference; lastKnownFileType = sourcecode.swift; path = ShoppingSearchDataRequest.swift; sourceTree = "<group>"; };
		9BB96D582B327F5E00D193CD /* ShoppingSearchModel.swift */ = {isa = PBXFileReference; lastKnownFileType = sourcecode.swift; path = ShoppingSearchModel.swift; sourceTree = "<group>"; };
		9BBF8C7C2B2E0B69000EB8C9 /* Shopping Search App.app */ = {isa = PBXFileReference; explicitFileType = wrapper.application; includeInIndex = 0; path = "Shopping Search App.app"; sourceTree = BUILT_PRODUCTS_DIR; };
		9BBF8C7F2B2E0B69000EB8C9 /* AppDelegate.swift */ = {isa = PBXFileReference; lastKnownFileType = sourcecode.swift; path = AppDelegate.swift; sourceTree = "<group>"; };
		9BBF8C812B2E0B69000EB8C9 /* SceneDelegate.swift */ = {isa = PBXFileReference; lastKnownFileType = sourcecode.swift; path = SceneDelegate.swift; sourceTree = "<group>"; };
		9BBF8C882B2E0B6E000EB8C9 /* Assets.xcassets */ = {isa = PBXFileReference; lastKnownFileType = folder.assetcatalog; path = Assets.xcassets; sourceTree = "<group>"; };
		9BBF8C8B2B2E0B6E000EB8C9 /* Base */ = {isa = PBXFileReference; lastKnownFileType = file.storyboard; name = Base; path = Base.lproj/LaunchScreen.storyboard; sourceTree = "<group>"; };
		9BBF8C8D2B2E0B6E000EB8C9 /* Info.plist */ = {isa = PBXFileReference; lastKnownFileType = text.plist.xml; path = Info.plist; sourceTree = "<group>"; };
		9BBF8C922B2E0B6E000EB8C9 /* Shopping Search AppTests.xctest */ = {isa = PBXFileReference; explicitFileType = wrapper.cfbundle; includeInIndex = 0; path = "Shopping Search AppTests.xctest"; sourceTree = BUILT_PRODUCTS_DIR; };
		9BBF8CB22B2E114B000EB8C9 /* DataRequest.swift */ = {isa = PBXFileReference; lastKnownFileType = sourcecode.swift; path = DataRequest.swift; sourceTree = "<group>"; };
		9BBF8CB42B2E1160000EB8C9 /* HTTPMethod.swift */ = {isa = PBXFileReference; lastKnownFileType = sourcecode.swift; path = HTTPMethod.swift; sourceTree = "<group>"; };
		9BBF8CB62B2E1179000EB8C9 /* ErrorResponse.swift */ = {isa = PBXFileReference; lastKnownFileType = sourcecode.swift; path = ErrorResponse.swift; sourceTree = "<group>"; };
		9BBF8CB82B2E1199000EB8C9 /* NetworkServiceType.swift */ = {isa = PBXFileReference; lastKnownFileType = sourcecode.swift; path = NetworkServiceType.swift; sourceTree = "<group>"; };
		9BBF8CBA2B2E11B2000EB8C9 /* URLSessionProtocol.swift */ = {isa = PBXFileReference; lastKnownFileType = sourcecode.swift; path = URLSessionProtocol.swift; sourceTree = "<group>"; };
		9BBF8CBC2B2E126A000EB8C9 /* NetworkService.swift */ = {isa = PBXFileReference; lastKnownFileType = sourcecode.swift; path = NetworkService.swift; sourceTree = "<group>"; };
		9BBF8CC02B2E1E6E000EB8C9 /* ErrorResponseTests.swift */ = {isa = PBXFileReference; lastKnownFileType = sourcecode.swift; path = ErrorResponseTests.swift; sourceTree = "<group>"; };
		9BFF70CD2B3484E100F2D856 /* ShoppingSearchDataRequestTests.swift */ = {isa = PBXFileReference; lastKnownFileType = sourcecode.swift; path = ShoppingSearchDataRequestTests.swift; sourceTree = "<group>"; };
		9BFF70D22B348F8E00F2D856 /* ShoppingSearchProductsListViewController.swift */ = {isa = PBXFileReference; lastKnownFileType = sourcecode.swift; path = ShoppingSearchProductsListViewController.swift; sourceTree = "<group>"; };
		9BFF70D42B34900A00F2D856 /* ShoppingSearchProductsListProtocols.swift */ = {isa = PBXFileReference; lastKnownFileType = sourcecode.swift; path = ShoppingSearchProductsListProtocols.swift; sourceTree = "<group>"; };
		9BFF70D82B34917B00F2D856 /* ShoppingSearchProductsListPresenter.swift */ = {isa = PBXFileReference; lastKnownFileType = sourcecode.swift; path = ShoppingSearchProductsListPresenter.swift; sourceTree = "<group>"; };
		9BFF70DA2B3496B200F2D856 /* ShoppingSearchProductsListView.swift */ = {isa = PBXFileReference; lastKnownFileType = sourcecode.swift; path = ShoppingSearchProductsListView.swift; sourceTree = "<group>"; };
		9BFF70DD2B34986700F2D856 /* ShoppingSearchProductsListDataSource.swift */ = {isa = PBXFileReference; lastKnownFileType = sourcecode.swift; path = ShoppingSearchProductsListDataSource.swift; sourceTree = "<group>"; };
		9BFF70E02B34AD4700F2D856 /* ShoppingSearchProductModel.swift */ = {isa = PBXFileReference; lastKnownFileType = sourcecode.swift; path = ShoppingSearchProductModel.swift; sourceTree = "<group>"; };
		9BFF70E22B34AD6500F2D856 /* ShoppingSearchProductListItem.swift */ = {isa = PBXFileReference; lastKnownFileType = sourcecode.swift; path = ShoppingSearchProductListItem.swift; sourceTree = "<group>"; };
/* End PBXFileReference section */

/* Begin PBXFrameworksBuildPhase section */
		9BBF8C792B2E0B69000EB8C9 /* Frameworks */ = {
			isa = PBXFrameworksBuildPhase;
			buildActionMask = 2147483647;
			files = (
			);
			runOnlyForDeploymentPostprocessing = 0;
		};
		9BBF8C8F2B2E0B6E000EB8C9 /* Frameworks */ = {
			isa = PBXFrameworksBuildPhase;
			buildActionMask = 2147483647;
			files = (
				9B96F2502B33DE7B00A358D3 /* Quick in Frameworks */,
				9B96F24D2B33DE3000A358D3 /* Nimble-Snapshots in Frameworks */,
			);
			runOnlyForDeploymentPostprocessing = 0;
		};
/* End PBXFrameworksBuildPhase section */

/* Begin PBXGroup section */
		9B3A727B2B312089008A7581 /* Dummies */ = {
			isa = PBXGroup;
			children = (
				9B3A727C2B31209A008A7581 /* ResponseDummy.swift */,
			);
			path = Dummies;
			sourceTree = "<group>";
		};
		9B3A727E2B312B1E008A7581 /* Scenes */ = {
			isa = PBXGroup;
			children = (
				9BFF70CF2B348F6300F2D856 /* ProductsList */,
				9B3A727F2B312B24008A7581 /* Search */,
			);
			path = Scenes;
			sourceTree = "<group>";
		};
		9B3A727F2B312B24008A7581 /* Search */ = {
			isa = PBXGroup;
			children = (
				9BB96D4E2B32792C00D193CD /* ShoppingSearchPresenter.swift */,
				9B3A72802B312B3E008A7581 /* ShoppingSearchViewController.swift */,
				9BB96D572B327F5600D193CD /* Models */,
				9B3A72822B312B86008A7581 /* Protocols */,
				9BB96D512B327DC000D193CD /* Repository */,
				9BB96D432B31F57400D193CD /* Views */,
			);
			path = Search;
			sourceTree = "<group>";
		};
		9B3A72822B312B86008A7581 /* Protocols */ = {
			isa = PBXGroup;
			children = (
				9B3A72832B312B95008A7581 /* ShoppingSearchProtocols.swift */,
			);
			path = Protocols;
			sourceTree = "<group>";
		};
		9B6080A72B2E866D0074909E /* Doubles */ = {
			isa = PBXGroup;
			children = (
				9B3A727B2B312089008A7581 /* Dummies */,
				9B6080AA2B2E87F80074909E /* Mocks */,
			);
			path = Doubles;
			sourceTree = "<group>";
		};
		9B6080AA2B2E87F80074909E /* Mocks */ = {
			isa = PBXGroup;
			children = (
				9B6080A82B2E867A0074909E /* URLSessionMock.swift */,
				9B6080AB2B2E880E0074909E /* URLSessionDataTaskMock.swift */,
				9B3A72792B3080F7008A7581 /* DataRequestMock.swift */,
			);
			path = Mocks;
			sourceTree = "<group>";
		};
		9B96F2252B33B00100A358D3 /* Scenes */ = {
			isa = PBXGroup;
			children = (
				9B96F2262B33B00800A358D3 /* Search */,
			);
			path = Scenes;
			sourceTree = "<group>";
		};
		9B96F2262B33B00800A358D3 /* Search */ = {
			isa = PBXGroup;
			children = (
				9BFF70CC2B3484D300F2D856 /* Request */,
				9B96F22D2B33B0F000A358D3 /* Repository */,
				9B96F2272B33B01000A358D3 /* Doubles */,
				9B96F22A2B33B03400A358D3 /* Views */,
				9B96F22B2B33B0BE00A358D3 /* ShoppingSearchPresenterTests.swift */,
				9B96F23D2B33CD2200A358D3 /* ShoppingSearchViewControllerTests.swift */,
			);
			path = Search;
			sourceTree = "<group>";
		};
		9B96F2272B33B01000A358D3 /* Doubles */ = {
			isa = PBXGroup;
			children = (
				9B96F2382B33C12500A358D3 /* Stubs */,
				9B96F2292B33B01A00A358D3 /* Mocks */,
				9B96F2282B33B01500A358D3 /* Spies */,
			);
			path = Doubles;
			sourceTree = "<group>";
		};
		9B96F2282B33B01500A358D3 /* Spies */ = {
			isa = PBXGroup;
			children = (
				9B96F2362B33BEF300A358D3 /* ShoppingSearchViewControllerSpy.swift */,
				9B96F23F2B33CE4700A358D3 /* ShoppingSearchPresenterSpy.swift */,
				9B96F2412B33CF1A00A358D3 /* ShoppingSearchViewControllerDelegateSpy.swift */,
				9B96F2432B33CFD800A358D3 /* ShoppingSearchViewSpy.swift */,
			);
			path = Spies;
			sourceTree = "<group>";
		};
		9B96F2292B33B01A00A358D3 /* Mocks */ = {
			isa = PBXGroup;
			children = (
				9B96F2342B33BE0400A358D3 /* ShoppingSearchRepositoryMock.swift */,
			);
			path = Mocks;
			sourceTree = "<group>";
		};
		9B96F22A2B33B03400A358D3 /* Views */ = {
			isa = PBXGroup;
			children = (
				9B96F2512B33DF6000A358D3 /* ShoppingSearchViewTests.swift */,
			);
			path = Views;
			sourceTree = "<group>";
		};
		9B96F22D2B33B0F000A358D3 /* Repository */ = {
			isa = PBXGroup;
			children = (
				9B96F22E2B33B10400A358D3 /* ShoppingSearchRepositoryTests.swift */,
			);
			path = Repository;
			sourceTree = "<group>";
		};
		9B96F2302B33B1C300A358D3 /* TestHelpers */ = {
			isa = PBXGroup;
			children = (
				9B96F2472B33D57700A358D3 /* Protocols */,
				9B96F2312B33B1CB00A358D3 /* Network */,
			);
			path = TestHelpers;
			sourceTree = "<group>";
		};
		9B96F2312B33B1CB00A358D3 /* Network */ = {
			isa = PBXGroup;
			children = (
				9B96F2322B33B1D800A358D3 /* NetworkServiceMock.swift */,
			);
			path = Network;
			sourceTree = "<group>";
		};
		9B96F2382B33C12500A358D3 /* Stubs */ = {
			isa = PBXGroup;
			children = (
				9B96F2392B33C13300A358D3 /* ShoppingSearchModel+Stub.swift */,
				9B96F23B2B33C36600A358D3 /* ShoppingSearchProductModel+Stub.swift */,
			);
			path = Stubs;
			sourceTree = "<group>";
		};
		9B96F2472B33D57700A358D3 /* Protocols */ = {
			isa = PBXGroup;
			children = (
				9B96F2482B33D58100A358D3 /* DispatchQueueSpy.swift */,
			);
			path = Protocols;
			sourceTree = "<group>";
		};
		9BB96D3F2B31F3BD00D193CD /* Helpers */ = {
			isa = PBXGroup;
			children = (
				9BB96D4B2B3247AB00D193CD /* Protocols */,
				9BB96D402B31F3C400D193CD /* Extensions */,
				9BB96D492B31FA1400D193CD /* Colors.swift */,
			);
			path = Helpers;
			sourceTree = "<group>";
		};
		9BB96D402B31F3C400D193CD /* Extensions */ = {
			isa = PBXGroup;
			children = (
				9BB96D412B31F3D600D193CD /* UIView+Extension.swift */,
			);
			path = Extensions;
			sourceTree = "<group>";
		};
		9BB96D432B31F57400D193CD /* Views */ = {
			isa = PBXGroup;
			children = (
				9B3A72852B312BD4008A7581 /* ShoppingSearchView.swift */,
				9BB96D442B31F58B00D193CD /* ShoppingSearchTextField.swift */,
				9B96F2232B33702300A358D3 /* ShoppingSearchButton.swift */,
			);
			path = Views;
			sourceTree = "<group>";
		};
		9BB96D482B31F9AF00D193CD /* Resources */ = {
			isa = PBXGroup;
			children = (
				9BBF8C882B2E0B6E000EB8C9 /* Assets.xcassets */,
				9BB96D462B31F93F00D193CD /* Colors.xcassets */,
			);
			path = Resources;
			sourceTree = "<group>";
		};
		9BB96D4B2B3247AB00D193CD /* Protocols */ = {
			isa = PBXGroup;
			children = (
				9BB96D4C2B3247BA00D193CD /* NotificationCenterProtocol.swift */,
				9B96F2452B33D49A00A358D3 /* DispatchQueueProtocol.swift */,
			);
			path = Protocols;
			sourceTree = "<group>";
		};
		9BB96D512B327DC000D193CD /* Repository */ = {
			isa = PBXGroup;
			children = (
				9BB96D542B327EEA00D193CD /* Request */,
				9BB96D522B327DD200D193CD /* ShoppingSearchRepository.swift */,
			);
			path = Repository;
			sourceTree = "<group>";
		};
		9BB96D542B327EEA00D193CD /* Request */ = {
			isa = PBXGroup;
			children = (
				9BB96D552B327EF900D193CD /* ShoppingSearchDataRequest.swift */,
			);
			path = Request;
			sourceTree = "<group>";
		};
		9BB96D572B327F5600D193CD /* Models */ = {
			isa = PBXGroup;
			children = (
				9BB96D582B327F5E00D193CD /* ShoppingSearchModel.swift */,
				9BFF70E02B34AD4700F2D856 /* ShoppingSearchProductModel.swift */,
			);
			path = Models;
			sourceTree = "<group>";
		};
		9BBF8C732B2E0B69000EB8C9 = {
			isa = PBXGroup;
			children = (
				9BBF8C7E2B2E0B69000EB8C9 /* Shopping Search App */,
				9BBF8C952B2E0B6E000EB8C9 /* Shopping Search AppTests */,
				9BBF8C7D2B2E0B69000EB8C9 /* Products */,
			);
			sourceTree = "<group>";
		};
		9BBF8C7D2B2E0B69000EB8C9 /* Products */ = {
			isa = PBXGroup;
			children = (
				9BBF8C7C2B2E0B69000EB8C9 /* Shopping Search App.app */,
				9BBF8C922B2E0B6E000EB8C9 /* Shopping Search AppTests.xctest */,
			);
			name = Products;
			sourceTree = "<group>";
		};
		9BBF8C7E2B2E0B69000EB8C9 /* Shopping Search App */ = {
			isa = PBXGroup;
			children = (
				9BBF8C8D2B2E0B6E000EB8C9 /* Info.plist */,
				9BBF8C7F2B2E0B69000EB8C9 /* AppDelegate.swift */,
				9BBF8C812B2E0B69000EB8C9 /* SceneDelegate.swift */,
				9BB96D3F2B31F3BD00D193CD /* Helpers */,
				9BBF8C8A2B2E0B6E000EB8C9 /* LaunchScreen.storyboard */,
				9BBF8CAF2B2E10FC000EB8C9 /* Network */,
				9BB96D482B31F9AF00D193CD /* Resources */,
				9B3A727E2B312B1E008A7581 /* Scenes */,
			);
			path = "Shopping Search App";
			sourceTree = "<group>";
		};
		9BBF8C952B2E0B6E000EB8C9 /* Shopping Search AppTests */ = {
			isa = PBXGroup;
			children = (
				9B96F2302B33B1C300A358D3 /* TestHelpers */,
				9B6080AD2B2E8EDE0074909E /* Shopping Search App.xctestplan */,
				9BBF8CBE2B2E1E49000EB8C9 /* Network */,
				9B96F2252B33B00100A358D3 /* Scenes */,
			);
			path = "Shopping Search AppTests";
			sourceTree = "<group>";
		};
		9BBF8CAF2B2E10FC000EB8C9 /* Network */ = {
			isa = PBXGroup;
			children = (
				9BBF8CB12B2E111B000EB8C9 /* Protocols */,
				9BBF8CB02B2E110A000EB8C9 /* Enumerators */,
				9BBF8CBC2B2E126A000EB8C9 /* NetworkService.swift */,
			);
			path = Network;
			sourceTree = "<group>";
		};
		9BBF8CB02B2E110A000EB8C9 /* Enumerators */ = {
			isa = PBXGroup;
			children = (
				9BBF8CB42B2E1160000EB8C9 /* HTTPMethod.swift */,
				9BBF8CB62B2E1179000EB8C9 /* ErrorResponse.swift */,
			);
			path = Enumerators;
			sourceTree = "<group>";
		};
		9BBF8CB12B2E111B000EB8C9 /* Protocols */ = {
			isa = PBXGroup;
			children = (
				9BBF8CB22B2E114B000EB8C9 /* DataRequest.swift */,
				9BBF8CB82B2E1199000EB8C9 /* NetworkServiceType.swift */,
				9BBF8CBA2B2E11B2000EB8C9 /* URLSessionProtocol.swift */,
			);
			path = Protocols;
			sourceTree = "<group>";
		};
		9BBF8CBE2B2E1E49000EB8C9 /* Network */ = {
			isa = PBXGroup;
			children = (
				9B6080A72B2E866D0074909E /* Doubles */,
				9BBF8CBF2B2E1E54000EB8C9 /* Enumerators */,
				9B6080A52B2E86330074909E /* NetworkServiceTests.swift */,
			);
			path = Network;
			sourceTree = "<group>";
		};
		9BBF8CBF2B2E1E54000EB8C9 /* Enumerators */ = {
			isa = PBXGroup;
			children = (
				9BBF8CC02B2E1E6E000EB8C9 /* ErrorResponseTests.swift */,
				9B6080A32B2E7AF00074909E /* HTTPMethodTests.swift */,
			);
			path = Enumerators;
			sourceTree = "<group>";
		};
		9BFF70CC2B3484D300F2D856 /* Request */ = {
			isa = PBXGroup;
			children = (
				9BFF70CD2B3484E100F2D856 /* ShoppingSearchDataRequestTests.swift */,
			);
			path = Request;
			sourceTree = "<group>";
		};
		9BFF70CF2B348F6300F2D856 /* ProductsList */ = {
			isa = PBXGroup;
			children = (
				9BFF70DF2B34AD1100F2D856 /* Models */,
				9BFF70DC2B34985300F2D856 /* DataSource */,
				9BFF70D02B348F7200F2D856 /* Protocols */,
				9BFF70D12B348F7700F2D856 /* Views */,
				9BFF70D22B348F8E00F2D856 /* ShoppingSearchProductsListViewController.swift */,
				9BFF70D82B34917B00F2D856 /* ShoppingSearchProductsListPresenter.swift */,
			);
			path = ProductsList;
			sourceTree = "<group>";
		};
		9BFF70D02B348F7200F2D856 /* Protocols */ = {
			isa = PBXGroup;
			children = (
				9BFF70D42B34900A00F2D856 /* ShoppingSearchProductsListProtocols.swift */,
			);
			path = Protocols;
			sourceTree = "<group>";
		};
		9BFF70D12B348F7700F2D856 /* Views */ = {
			isa = PBXGroup;
			children = (
				9BFF70DA2B3496B200F2D856 /* ShoppingSearchProductsListView.swift */,
			);
			path = Views;
			sourceTree = "<group>";
		};
		9BFF70DC2B34985300F2D856 /* DataSource */ = {
			isa = PBXGroup;
			children = (
				9BFF70DD2B34986700F2D856 /* ShoppingSearchProductsListDataSource.swift */,
			);
			path = DataSource;
			sourceTree = "<group>";
		};
		9BFF70DF2B34AD1100F2D856 /* Models */ = {
			isa = PBXGroup;
			children = (
				9BFF70E22B34AD6500F2D856 /* ShoppingSearchProductListItem.swift */,
			);
			path = Models;
			sourceTree = "<group>";
		};
/* End PBXGroup section */

/* Begin PBXNativeTarget section */
		9BBF8C7B2B2E0B69000EB8C9 /* Shopping Search App */ = {
			isa = PBXNativeTarget;
			buildConfigurationList = 9BBF8CA62B2E0B6E000EB8C9 /* Build configuration list for PBXNativeTarget "Shopping Search App" */;
			buildPhases = (
				9BBF8C782B2E0B69000EB8C9 /* Sources */,
				9BBF8C792B2E0B69000EB8C9 /* Frameworks */,
				9BBF8C7A2B2E0B69000EB8C9 /* Resources */,
			);
			buildRules = (
			);
			dependencies = (
			);
			name = "Shopping Search App";
			packageProductDependencies = (
			);
			productName = "Shopping Search App";
			productReference = 9BBF8C7C2B2E0B69000EB8C9 /* Shopping Search App.app */;
			productType = "com.apple.product-type.application";
		};
		9BBF8C912B2E0B6E000EB8C9 /* Shopping Search AppTests */ = {
			isa = PBXNativeTarget;
			buildConfigurationList = 9BBF8CA92B2E0B6E000EB8C9 /* Build configuration list for PBXNativeTarget "Shopping Search AppTests" */;
			buildPhases = (
				9BBF8C8E2B2E0B6E000EB8C9 /* Sources */,
				9BBF8C8F2B2E0B6E000EB8C9 /* Frameworks */,
				9BBF8C902B2E0B6E000EB8C9 /* Resources */,
			);
			buildRules = (
			);
			dependencies = (
				9BBF8C942B2E0B6E000EB8C9 /* PBXTargetDependency */,
			);
			name = "Shopping Search AppTests";
			packageProductDependencies = (
				9B96F24C2B33DE3000A358D3 /* Nimble-Snapshots */,
				9B96F24F2B33DE7B00A358D3 /* Quick */,
			);
			productName = "Shopping Search AppTests";
			productReference = 9BBF8C922B2E0B6E000EB8C9 /* Shopping Search AppTests.xctest */;
			productType = "com.apple.product-type.bundle.unit-test";
		};
/* End PBXNativeTarget section */

/* Begin PBXProject section */
		9BBF8C742B2E0B69000EB8C9 /* Project object */ = {
			isa = PBXProject;
			attributes = {
				BuildIndependentTargetsInParallel = 1;
				LastSwiftUpdateCheck = 1510;
				LastUpgradeCheck = 1510;
				TargetAttributes = {
					9BBF8C7B2B2E0B69000EB8C9 = {
						CreatedOnToolsVersion = 15.1;
					};
					9BBF8C912B2E0B6E000EB8C9 = {
						CreatedOnToolsVersion = 15.1;
						LastSwiftMigration = 1510;
						TestTargetID = 9BBF8C7B2B2E0B69000EB8C9;
					};
				};
			};
			buildConfigurationList = 9BBF8C772B2E0B69000EB8C9 /* Build configuration list for PBXProject "Shopping Search App" */;
			compatibilityVersion = "Xcode 14.0";
			developmentRegion = en;
			hasScannedForEncodings = 0;
			knownRegions = (
				en,
				Base,
			);
			mainGroup = 9BBF8C732B2E0B69000EB8C9;
			packageReferences = (
				9B96F24B2B33DE3000A358D3 /* XCRemoteSwiftPackageReference "Nimble-Snapshots" */,
				9B96F24E2B33DE7B00A358D3 /* XCRemoteSwiftPackageReference "Quick" */,
			);
			productRefGroup = 9BBF8C7D2B2E0B69000EB8C9 /* Products */;
			projectDirPath = "";
			projectRoot = "";
			targets = (
				9BBF8C7B2B2E0B69000EB8C9 /* Shopping Search App */,
				9BBF8C912B2E0B6E000EB8C9 /* Shopping Search AppTests */,
			);
		};
/* End PBXProject section */

/* Begin PBXResourcesBuildPhase section */
		9BBF8C7A2B2E0B69000EB8C9 /* Resources */ = {
			isa = PBXResourcesBuildPhase;
			buildActionMask = 2147483647;
			files = (
				9BB96D472B31F93F00D193CD /* Colors.xcassets in Resources */,
				9BBF8C8C2B2E0B6E000EB8C9 /* LaunchScreen.storyboard in Resources */,
				9BBF8C892B2E0B6E000EB8C9 /* Assets.xcassets in Resources */,
			);
			runOnlyForDeploymentPostprocessing = 0;
		};
		9BBF8C902B2E0B6E000EB8C9 /* Resources */ = {
			isa = PBXResourcesBuildPhase;
			buildActionMask = 2147483647;
			files = (
			);
			runOnlyForDeploymentPostprocessing = 0;
		};
/* End PBXResourcesBuildPhase section */

/* Begin PBXSourcesBuildPhase section */
		9BBF8C782B2E0B69000EB8C9 /* Sources */ = {
			isa = PBXSourcesBuildPhase;
			buildActionMask = 2147483647;
			files = (
				9B3A72842B312B95008A7581 /* ShoppingSearchProtocols.swift in Sources */,
				9B96F2462B33D49B00A358D3 /* DispatchQueueProtocol.swift in Sources */,
				9BB96D452B31F58B00D193CD /* ShoppingSearchTextField.swift in Sources */,
				9B3A72812B312B3E008A7581 /* ShoppingSearchViewController.swift in Sources */,
				9BFF70DB2B3496B200F2D856 /* ShoppingSearchProductsListView.swift in Sources */,
				9BFF70D32B348F8E00F2D856 /* ShoppingSearchProductsListViewController.swift in Sources */,
				9BB96D4D2B3247BA00D193CD /* NotificationCenterProtocol.swift in Sources */,
				9BB96D4A2B31FA1400D193CD /* Colors.swift in Sources */,
				9BBF8C802B2E0B69000EB8C9 /* AppDelegate.swift in Sources */,
				9B3A72862B312BD4008A7581 /* ShoppingSearchView.swift in Sources */,
				9B96F2242B33702300A358D3 /* ShoppingSearchButton.swift in Sources */,
				9BB96D532B327DD200D193CD /* ShoppingSearchRepository.swift in Sources */,
				9BFF70D52B34900A00F2D856 /* ShoppingSearchProductsListProtocols.swift in Sources */,
				9BBF8C822B2E0B69000EB8C9 /* SceneDelegate.swift in Sources */,
				9BBF8CB92B2E1199000EB8C9 /* NetworkServiceType.swift in Sources */,
				9BB96D422B31F3D600D193CD /* UIView+Extension.swift in Sources */,
				9BB96D592B327F5E00D193CD /* ShoppingSearchModel.swift in Sources */,
				9BFF70E12B34AD4700F2D856 /* ShoppingSearchProductModel.swift in Sources */,
				9BBF8CBD2B2E126A000EB8C9 /* NetworkService.swift in Sources */,
				9BBF8CBB2B2E11B2000EB8C9 /* URLSessionProtocol.swift in Sources */,
				9BBF8CB72B2E1179000EB8C9 /* ErrorResponse.swift in Sources */,
				9BBF8CB52B2E1160000EB8C9 /* HTTPMethod.swift in Sources */,
				9BB96D4F2B32792C00D193CD /* ShoppingSearchPresenter.swift in Sources */,
				9BBF8CB32B2E114B000EB8C9 /* DataRequest.swift in Sources */,
				9BFF70E32B34AD6500F2D856 /* ShoppingSearchProductListItem.swift in Sources */,
				9BFF70D92B34917B00F2D856 /* ShoppingSearchProductsListPresenter.swift in Sources */,
				9BFF70DE2B34986700F2D856 /* ShoppingSearchProductsListDataSource.swift in Sources */,
				9BB96D562B327EF900D193CD /* ShoppingSearchDataRequest.swift in Sources */,
			);
			runOnlyForDeploymentPostprocessing = 0;
		};
		9BBF8C8E2B2E0B6E000EB8C9 /* Sources */ = {
			isa = PBXSourcesBuildPhase;
			buildActionMask = 2147483647;
			files = (
				9B96F23E2B33CD2200A358D3 /* ShoppingSearchViewControllerTests.swift in Sources */,
				9B96F2332B33B1D800A358D3 /* NetworkServiceMock.swift in Sources */,
				9B96F23A2B33C13300A358D3 /* ShoppingSearchModel+Stub.swift in Sources */,
				9B96F22F2B33B10400A358D3 /* ShoppingSearchRepositoryTests.swift in Sources */,
				9B96F2522B33DF6000A358D3 /* ShoppingSearchViewTests.swift in Sources */,
				9B6080A92B2E867A0074909E /* URLSessionMock.swift in Sources */,
				9B96F2442B33CFD800A358D3 /* ShoppingSearchViewSpy.swift in Sources */,
				9B3A727A2B3080F7008A7581 /* DataRequestMock.swift in Sources */,
				9B6080A42B2E7AF00074909E /* HTTPMethodTests.swift in Sources */,
				9B6080A62B2E86330074909E /* NetworkServiceTests.swift in Sources */,
				9BFF70CE2B3484E100F2D856 /* ShoppingSearchDataRequestTests.swift in Sources */,
				9B96F23C2B33C36600A358D3 /* ShoppingSearchProductModel+Stub.swift in Sources */,
				9BBF8CC12B2E1E6E000EB8C9 /* ErrorResponseTests.swift in Sources */,
				9B96F2492B33D58100A358D3 /* DispatchQueueSpy.swift in Sources */,
				9B96F2402B33CE4700A358D3 /* ShoppingSearchPresenterSpy.swift in Sources */,
				9B6080AC2B2E880E0074909E /* URLSessionDataTaskMock.swift in Sources */,
				9B96F2352B33BE0400A358D3 /* ShoppingSearchRepositoryMock.swift in Sources */,
				9B96F2372B33BEF300A358D3 /* ShoppingSearchViewControllerSpy.swift in Sources */,
				9B96F22C2B33B0BF00A358D3 /* ShoppingSearchPresenterTests.swift in Sources */,
				9B96F2422B33CF1A00A358D3 /* ShoppingSearchViewControllerDelegateSpy.swift in Sources */,
				9B3A727D2B31209A008A7581 /* ResponseDummy.swift in Sources */,
			);
			runOnlyForDeploymentPostprocessing = 0;
		};
/* End PBXSourcesBuildPhase section */

/* Begin PBXTargetDependency section */
		9BBF8C942B2E0B6E000EB8C9 /* PBXTargetDependency */ = {
			isa = PBXTargetDependency;
			target = 9BBF8C7B2B2E0B69000EB8C9 /* Shopping Search App */;
			targetProxy = 9BBF8C932B2E0B6E000EB8C9 /* PBXContainerItemProxy */;
		};
/* End PBXTargetDependency section */

/* Begin PBXVariantGroup section */
		9BBF8C8A2B2E0B6E000EB8C9 /* LaunchScreen.storyboard */ = {
			isa = PBXVariantGroup;
			children = (
				9BBF8C8B2B2E0B6E000EB8C9 /* Base */,
			);
			name = LaunchScreen.storyboard;
			sourceTree = "<group>";
		};
/* End PBXVariantGroup section */

/* Begin XCBuildConfiguration section */
		9BBF8CA42B2E0B6E000EB8C9 /* Debug */ = {
			isa = XCBuildConfiguration;
			buildSettings = {
				ALWAYS_SEARCH_USER_PATHS = NO;
				ASSETCATALOG_COMPILER_GENERATE_SWIFT_ASSET_SYMBOL_EXTENSIONS = YES;
				CLANG_ANALYZER_NONNULL = YES;
				CLANG_ANALYZER_NUMBER_OBJECT_CONVERSION = YES_AGGRESSIVE;
				CLANG_CXX_LANGUAGE_STANDARD = "gnu++20";
				CLANG_ENABLE_MODULES = YES;
				CLANG_ENABLE_OBJC_ARC = YES;
				CLANG_ENABLE_OBJC_WEAK = YES;
				CLANG_WARN_BLOCK_CAPTURE_AUTORELEASING = YES;
				CLANG_WARN_BOOL_CONVERSION = YES;
				CLANG_WARN_COMMA = YES;
				CLANG_WARN_CONSTANT_CONVERSION = YES;
				CLANG_WARN_DEPRECATED_OBJC_IMPLEMENTATIONS = YES;
				CLANG_WARN_DIRECT_OBJC_ISA_USAGE = YES_ERROR;
				CLANG_WARN_DOCUMENTATION_COMMENTS = YES;
				CLANG_WARN_EMPTY_BODY = YES;
				CLANG_WARN_ENUM_CONVERSION = YES;
				CLANG_WARN_INFINITE_RECURSION = YES;
				CLANG_WARN_INT_CONVERSION = YES;
				CLANG_WARN_NON_LITERAL_NULL_CONVERSION = YES;
				CLANG_WARN_OBJC_IMPLICIT_RETAIN_SELF = YES;
				CLANG_WARN_OBJC_LITERAL_CONVERSION = YES;
				CLANG_WARN_OBJC_ROOT_CLASS = YES_ERROR;
				CLANG_WARN_QUOTED_INCLUDE_IN_FRAMEWORK_HEADER = YES;
				CLANG_WARN_RANGE_LOOP_ANALYSIS = YES;
				CLANG_WARN_STRICT_PROTOTYPES = YES;
				CLANG_WARN_SUSPICIOUS_MOVE = YES;
				CLANG_WARN_UNGUARDED_AVAILABILITY = YES_AGGRESSIVE;
				CLANG_WARN_UNREACHABLE_CODE = YES;
				CLANG_WARN__DUPLICATE_METHOD_MATCH = YES;
				COPY_PHASE_STRIP = NO;
				DEBUG_INFORMATION_FORMAT = dwarf;
				ENABLE_STRICT_OBJC_MSGSEND = YES;
				ENABLE_TESTABILITY = YES;
				ENABLE_USER_SCRIPT_SANDBOXING = YES;
				GCC_C_LANGUAGE_STANDARD = gnu17;
				GCC_DYNAMIC_NO_PIC = NO;
				GCC_NO_COMMON_BLOCKS = YES;
				GCC_OPTIMIZATION_LEVEL = 0;
				GCC_PREPROCESSOR_DEFINITIONS = (
					"DEBUG=1",
					"$(inherited)",
				);
				GCC_WARN_64_TO_32_BIT_CONVERSION = YES;
				GCC_WARN_ABOUT_RETURN_TYPE = YES_ERROR;
				GCC_WARN_UNDECLARED_SELECTOR = YES;
				GCC_WARN_UNINITIALIZED_AUTOS = YES_AGGRESSIVE;
				GCC_WARN_UNUSED_FUNCTION = YES;
				GCC_WARN_UNUSED_VARIABLE = YES;
				IPHONEOS_DEPLOYMENT_TARGET = 15.0;
				LOCALIZATION_PREFERS_STRING_CATALOGS = YES;
				MTL_ENABLE_DEBUG_INFO = INCLUDE_SOURCE;
				MTL_FAST_MATH = YES;
				ONLY_ACTIVE_ARCH = YES;
				SDKROOT = iphoneos;
				SWIFT_ACTIVE_COMPILATION_CONDITIONS = "DEBUG $(inherited)";
				SWIFT_OPTIMIZATION_LEVEL = "-Onone";
			};
			name = Debug;
		};
		9BBF8CA52B2E0B6E000EB8C9 /* Release */ = {
			isa = XCBuildConfiguration;
			buildSettings = {
				ALWAYS_SEARCH_USER_PATHS = NO;
				ASSETCATALOG_COMPILER_GENERATE_SWIFT_ASSET_SYMBOL_EXTENSIONS = YES;
				CLANG_ANALYZER_NONNULL = YES;
				CLANG_ANALYZER_NUMBER_OBJECT_CONVERSION = YES_AGGRESSIVE;
				CLANG_CXX_LANGUAGE_STANDARD = "gnu++20";
				CLANG_ENABLE_MODULES = YES;
				CLANG_ENABLE_OBJC_ARC = YES;
				CLANG_ENABLE_OBJC_WEAK = YES;
				CLANG_WARN_BLOCK_CAPTURE_AUTORELEASING = YES;
				CLANG_WARN_BOOL_CONVERSION = YES;
				CLANG_WARN_COMMA = YES;
				CLANG_WARN_CONSTANT_CONVERSION = YES;
				CLANG_WARN_DEPRECATED_OBJC_IMPLEMENTATIONS = YES;
				CLANG_WARN_DIRECT_OBJC_ISA_USAGE = YES_ERROR;
				CLANG_WARN_DOCUMENTATION_COMMENTS = YES;
				CLANG_WARN_EMPTY_BODY = YES;
				CLANG_WARN_ENUM_CONVERSION = YES;
				CLANG_WARN_INFINITE_RECURSION = YES;
				CLANG_WARN_INT_CONVERSION = YES;
				CLANG_WARN_NON_LITERAL_NULL_CONVERSION = YES;
				CLANG_WARN_OBJC_IMPLICIT_RETAIN_SELF = YES;
				CLANG_WARN_OBJC_LITERAL_CONVERSION = YES;
				CLANG_WARN_OBJC_ROOT_CLASS = YES_ERROR;
				CLANG_WARN_QUOTED_INCLUDE_IN_FRAMEWORK_HEADER = YES;
				CLANG_WARN_RANGE_LOOP_ANALYSIS = YES;
				CLANG_WARN_STRICT_PROTOTYPES = YES;
				CLANG_WARN_SUSPICIOUS_MOVE = YES;
				CLANG_WARN_UNGUARDED_AVAILABILITY = YES_AGGRESSIVE;
				CLANG_WARN_UNREACHABLE_CODE = YES;
				CLANG_WARN__DUPLICATE_METHOD_MATCH = YES;
				COPY_PHASE_STRIP = NO;
				DEBUG_INFORMATION_FORMAT = "dwarf-with-dsym";
				ENABLE_NS_ASSERTIONS = NO;
				ENABLE_STRICT_OBJC_MSGSEND = YES;
				ENABLE_USER_SCRIPT_SANDBOXING = YES;
				GCC_C_LANGUAGE_STANDARD = gnu17;
				GCC_NO_COMMON_BLOCKS = YES;
				GCC_WARN_64_TO_32_BIT_CONVERSION = YES;
				GCC_WARN_ABOUT_RETURN_TYPE = YES_ERROR;
				GCC_WARN_UNDECLARED_SELECTOR = YES;
				GCC_WARN_UNINITIALIZED_AUTOS = YES_AGGRESSIVE;
				GCC_WARN_UNUSED_FUNCTION = YES;
				GCC_WARN_UNUSED_VARIABLE = YES;
				IPHONEOS_DEPLOYMENT_TARGET = 15.0;
				LOCALIZATION_PREFERS_STRING_CATALOGS = YES;
				MTL_ENABLE_DEBUG_INFO = NO;
				MTL_FAST_MATH = YES;
				SDKROOT = iphoneos;
				SWIFT_COMPILATION_MODE = wholemodule;
				VALIDATE_PRODUCT = YES;
			};
			name = Release;
		};
		9BBF8CA72B2E0B6E000EB8C9 /* Debug */ = {
			isa = XCBuildConfiguration;
			buildSettings = {
				ASSETCATALOG_COMPILER_APPICON_NAME = AppIcon;
				ASSETCATALOG_COMPILER_GLOBAL_ACCENT_COLOR_NAME = AccentColor;
				CODE_SIGN_STYLE = Automatic;
				CURRENT_PROJECT_VERSION = 1;
				DEVELOPMENT_TEAM = 25M2YHUYP7;
				GENERATE_INFOPLIST_FILE = YES;
				INFOPLIST_FILE = "Shopping Search App/Info.plist";
				INFOPLIST_KEY_UIApplicationSupportsIndirectInputEvents = YES;
				INFOPLIST_KEY_UILaunchStoryboardName = LaunchScreen;
				INFOPLIST_KEY_UISupportedInterfaceOrientations_iPad = "UIInterfaceOrientationPortrait UIInterfaceOrientationPortraitUpsideDown UIInterfaceOrientationLandscapeLeft UIInterfaceOrientationLandscapeRight";
				INFOPLIST_KEY_UISupportedInterfaceOrientations_iPhone = "UIInterfaceOrientationPortrait UIInterfaceOrientationLandscapeLeft UIInterfaceOrientationLandscapeRight";
				LD_RUNPATH_SEARCH_PATHS = (
					"$(inherited)",
					"@executable_path/Frameworks",
				);
				MARKETING_VERSION = 1.0;
				PRODUCT_BUNDLE_IDENTIFIER = "br.com.gabrielhsp.Shopping-Search-App";
				PRODUCT_NAME = "$(TARGET_NAME)";
				SUPPORTED_PLATFORMS = "iphoneos iphonesimulator";
				SUPPORTS_MACCATALYST = NO;
				SUPPORTS_MAC_DESIGNED_FOR_IPHONE_IPAD = NO;
				SWIFT_EMIT_LOC_STRINGS = YES;
				SWIFT_VERSION = 5.0;
				TARGETED_DEVICE_FAMILY = 1;
			};
			name = Debug;
		};
		9BBF8CA82B2E0B6E000EB8C9 /* Release */ = {
			isa = XCBuildConfiguration;
			buildSettings = {
				ASSETCATALOG_COMPILER_APPICON_NAME = AppIcon;
				ASSETCATALOG_COMPILER_GLOBAL_ACCENT_COLOR_NAME = AccentColor;
				CODE_SIGN_STYLE = Automatic;
				CURRENT_PROJECT_VERSION = 1;
				DEVELOPMENT_TEAM = 25M2YHUYP7;
				GENERATE_INFOPLIST_FILE = YES;
				INFOPLIST_FILE = "Shopping Search App/Info.plist";
				INFOPLIST_KEY_UIApplicationSupportsIndirectInputEvents = YES;
				INFOPLIST_KEY_UILaunchStoryboardName = LaunchScreen;
				INFOPLIST_KEY_UISupportedInterfaceOrientations_iPad = "UIInterfaceOrientationPortrait UIInterfaceOrientationPortraitUpsideDown UIInterfaceOrientationLandscapeLeft UIInterfaceOrientationLandscapeRight";
				INFOPLIST_KEY_UISupportedInterfaceOrientations_iPhone = "UIInterfaceOrientationPortrait UIInterfaceOrientationLandscapeLeft UIInterfaceOrientationLandscapeRight";
				LD_RUNPATH_SEARCH_PATHS = (
					"$(inherited)",
					"@executable_path/Frameworks",
				);
				MARKETING_VERSION = 1.0;
				PRODUCT_BUNDLE_IDENTIFIER = "br.com.gabrielhsp.Shopping-Search-App";
				PRODUCT_NAME = "$(TARGET_NAME)";
				SUPPORTED_PLATFORMS = "iphoneos iphonesimulator";
				SUPPORTS_MACCATALYST = NO;
				SUPPORTS_MAC_DESIGNED_FOR_IPHONE_IPAD = NO;
				SWIFT_EMIT_LOC_STRINGS = YES;
				SWIFT_VERSION = 5.0;
				TARGETED_DEVICE_FAMILY = 1;
			};
			name = Release;
		};
		9BBF8CAA2B2E0B6E000EB8C9 /* Debug */ = {
			isa = XCBuildConfiguration;
			buildSettings = {
				ALWAYS_EMBED_SWIFT_STANDARD_LIBRARIES = YES;
				BUNDLE_LOADER = "$(TEST_HOST)";
				CLANG_ENABLE_MODULES = YES;
				CODE_SIGN_STYLE = Automatic;
				CURRENT_PROJECT_VERSION = 1;
				DEVELOPMENT_TEAM = 25M2YHUYP7;
				GENERATE_INFOPLIST_FILE = YES;
				IPHONEOS_DEPLOYMENT_TARGET = 15.0;
				MARKETING_VERSION = 1.0;
				PRODUCT_BUNDLE_IDENTIFIER = "br.com.gabrielhsp.Shopping-Search-AppTests";
				PRODUCT_NAME = "$(TARGET_NAME)";
				SUPPORTED_PLATFORMS = "iphoneos iphonesimulator";
				SUPPORTS_MACCATALYST = NO;
				SUPPORTS_MAC_DESIGNED_FOR_IPHONE_IPAD = NO;
				SWIFT_EMIT_LOC_STRINGS = NO;
				SWIFT_OPTIMIZATION_LEVEL = "-Onone";
				SWIFT_VERSION = 5.0;
				TARGETED_DEVICE_FAMILY = 1;
				TEST_HOST = "$(BUILT_PRODUCTS_DIR)/Shopping Search App.app/$(BUNDLE_EXECUTABLE_FOLDER_PATH)/Shopping Search App";
			};
			name = Debug;
		};
		9BBF8CAB2B2E0B6E000EB8C9 /* Release */ = {
			isa = XCBuildConfiguration;
			buildSettings = {
				ALWAYS_EMBED_SWIFT_STANDARD_LIBRARIES = YES;
				BUNDLE_LOADER = "$(TEST_HOST)";
				CLANG_ENABLE_MODULES = YES;
				CODE_SIGN_STYLE = Automatic;
				CURRENT_PROJECT_VERSION = 1;
				DEVELOPMENT_TEAM = 25M2YHUYP7;
				GENERATE_INFOPLIST_FILE = YES;
				IPHONEOS_DEPLOYMENT_TARGET = 15.0;
				MARKETING_VERSION = 1.0;
				PRODUCT_BUNDLE_IDENTIFIER = "br.com.gabrielhsp.Shopping-Search-AppTests";
				PRODUCT_NAME = "$(TARGET_NAME)";
				SUPPORTED_PLATFORMS = "iphoneos iphonesimulator";
				SUPPORTS_MACCATALYST = NO;
				SUPPORTS_MAC_DESIGNED_FOR_IPHONE_IPAD = NO;
				SWIFT_EMIT_LOC_STRINGS = NO;
				SWIFT_VERSION = 5.0;
				TARGETED_DEVICE_FAMILY = 1;
				TEST_HOST = "$(BUILT_PRODUCTS_DIR)/Shopping Search App.app/$(BUNDLE_EXECUTABLE_FOLDER_PATH)/Shopping Search App";
			};
			name = Release;
		};
/* End XCBuildConfiguration section */

/* Begin XCConfigurationList section */
		9BBF8C772B2E0B69000EB8C9 /* Build configuration list for PBXProject "Shopping Search App" */ = {
			isa = XCConfigurationList;
			buildConfigurations = (
				9BBF8CA42B2E0B6E000EB8C9 /* Debug */,
				9BBF8CA52B2E0B6E000EB8C9 /* Release */,
			);
			defaultConfigurationIsVisible = 0;
			defaultConfigurationName = Release;
		};
		9BBF8CA62B2E0B6E000EB8C9 /* Build configuration list for PBXNativeTarget "Shopping Search App" */ = {
			isa = XCConfigurationList;
			buildConfigurations = (
				9BBF8CA72B2E0B6E000EB8C9 /* Debug */,
				9BBF8CA82B2E0B6E000EB8C9 /* Release */,
			);
			defaultConfigurationIsVisible = 0;
			defaultConfigurationName = Release;
		};
		9BBF8CA92B2E0B6E000EB8C9 /* Build configuration list for PBXNativeTarget "Shopping Search AppTests" */ = {
			isa = XCConfigurationList;
			buildConfigurations = (
				9BBF8CAA2B2E0B6E000EB8C9 /* Debug */,
				9BBF8CAB2B2E0B6E000EB8C9 /* Release */,
			);
			defaultConfigurationIsVisible = 0;
			defaultConfigurationName = Release;
		};
/* End XCConfigurationList section */

/* Begin XCRemoteSwiftPackageReference section */
		9B96F24B2B33DE3000A358D3 /* XCRemoteSwiftPackageReference "Nimble-Snapshots" */ = {
			isa = XCRemoteSwiftPackageReference;
			repositoryURL = "https://github.com/ashfurrow/Nimble-Snapshots.git";
			requirement = {
				kind = upToNextMajorVersion;
				minimumVersion = 9.6.1;
			};
		};
		9B96F24E2B33DE7B00A358D3 /* XCRemoteSwiftPackageReference "Quick" */ = {
			isa = XCRemoteSwiftPackageReference;
			repositoryURL = "https://github.com/Quick/Quick.git";
			requirement = {
				kind = upToNextMajorVersion;
				minimumVersion = 7.3.0;
			};
		};
/* End XCRemoteSwiftPackageReference section */

/* Begin XCSwiftPackageProductDependency section */
		9B96F24C2B33DE3000A358D3 /* Nimble-Snapshots */ = {
			isa = XCSwiftPackageProductDependency;
			package = 9B96F24B2B33DE3000A358D3 /* XCRemoteSwiftPackageReference "Nimble-Snapshots" */;
			productName = "Nimble-Snapshots";
		};
		9B96F24F2B33DE7B00A358D3 /* Quick */ = {
			isa = XCSwiftPackageProductDependency;
			package = 9B96F24E2B33DE7B00A358D3 /* XCRemoteSwiftPackageReference "Quick" */;
			productName = Quick;
		};
/* End XCSwiftPackageProductDependency section */
	};
	rootObject = 9BBF8C742B2E0B69000EB8C9 /* Project object */;
}
